// !$*UTF8*$!
{
	archiveVersion = 1;
	classes = {
	};
	objectVersion = 56;
	objects = {

/* Begin PBXBuildFile section */
		AABF147A2A2AB6DB00537BCA /* CanvasCardsApp.swift in Sources */ = {isa = PBXBuildFile; fileRef = AABF14792A2AB6DB00537BCA /* CanvasCardsApp.swift */; };
		AABF147C2A2AB6DB00537BCA /* CanvasCardsDocument.swift in Sources */ = {isa = PBXBuildFile; fileRef = AABF147B2A2AB6DB00537BCA /* CanvasCardsDocument.swift */; };
		AABF147E2A2AB6DB00537BCA /* ContentView.swift in Sources */ = {isa = PBXBuildFile; fileRef = AABF147D2A2AB6DB00537BCA /* ContentView.swift */; };
		AABF14802A2AB6DC00537BCA /* Assets.xcassets in Resources */ = {isa = PBXBuildFile; fileRef = AABF147F2A2AB6DC00537BCA /* Assets.xcassets */; };
		AABF14852A2AB6DC00537BCA /* Preview Assets.xcassets in Resources */ = {isa = PBXBuildFile; fileRef = AABF14842A2AB6DC00537BCA /* Preview Assets.xcassets */; };
		AABF148F2A2AB6DC00537BCA /* CanvasCardsTests.swift in Sources */ = {isa = PBXBuildFile; fileRef = AABF148E2A2AB6DC00537BCA /* CanvasCardsTests.swift */; };
		AABF14992A2AB6DC00537BCA /* CanvasCardsUITests.swift in Sources */ = {isa = PBXBuildFile; fileRef = AABF14982A2AB6DC00537BCA /* CanvasCardsUITests.swift */; };
		AABF149B2A2AB6DC00537BCA /* CanvasCardsUITestsLaunchTests.swift in Sources */ = {isa = PBXBuildFile; fileRef = AABF149A2A2AB6DC00537BCA /* CanvasCardsUITestsLaunchTests.swift */; };
		AABF14F02A2ABA0800537BCA /* StampView.swift in Sources */ = {isa = PBXBuildFile; fileRef = AABF14DF2A2ABA0800537BCA /* StampView.swift */; };
		AABF14F12A2ABA0800537BCA /* Localizable.strings in Resources */ = {isa = PBXBuildFile; fileRef = AABF14E02A2ABA0800537BCA /* Localizable.strings */; };
		AABF14F22A2ABA0800537BCA /* ProfileInfoView.swift in Sources */ = {isa = PBXBuildFile; fileRef = AABF14E22A2ABA0800537BCA /* ProfileInfoView.swift */; };
		AABF14F32A2ABA0800537BCA /* TondorApp.swift in Sources */ = {isa = PBXBuildFile; fileRef = AABF14E32A2ABA0800537BCA /* TondorApp.swift */; };
		AABF14F42A2ABA0800537BCA /* ProfileCardView.swift in Sources */ = {isa = PBXBuildFile; fileRef = AABF14E42A2ABA0800537BCA /* ProfileCardView.swift */; };
		AABF14F52A2ABA0800537BCA /* Assets.xcassets in Resources */ = {isa = PBXBuildFile; fileRef = AABF14E52A2ABA0800537BCA /* Assets.xcassets */; };
		AABF14F62A2ABA0800537BCA /* Preview Assets.xcassets in Resources */ = {isa = PBXBuildFile; fileRef = AABF14E82A2ABA0800537BCA /* Preview Assets.xcassets */; };
		AABF14F72A2ABA0800537BCA /* SwipeView.swift in Sources */ = {isa = PBXBuildFile; fileRef = AABF14E92A2ABA0800537BCA /* SwipeView.swift */; };
		AABF14F82A2ABA0800537BCA /* TondorContentView.swift in Sources */ = {isa = PBXBuildFile; fileRef = AABF14EA2A2ABA0800537BCA /* TondorContentView.swift */; };
		AABF14F92A2ABA0800537BCA /* TondorLogo.swift in Sources */ = {isa = PBXBuildFile; fileRef = AABF14EC2A2ABA0800537BCA /* TondorLogo.swift */; };
		AABF14FA2A2ABA0800537BCA /* Profile.swift in Sources */ = {isa = PBXBuildFile; fileRef = AABF14EE2A2ABA0800537BCA /* Profile.swift */; };
		AABF14FB2A2ABA0800537BCA /* LikeType.swift in Sources */ = {isa = PBXBuildFile; fileRef = AABF14EF2A2ABA0800537BCA /* LikeType.swift */; };
		AABF156B2A2D1F3A00537BCA /* Philoshophy.md in Resources */ = {isa = PBXBuildFile; fileRef = AABF14FE2A2D1F3A00537BCA /* Philoshophy.md */; };
		AABF156C2A2D1F3A00537BCA /* success-bunny.png in Resources */ = {isa = PBXBuildFile; fileRef = AABF15002A2D1F3A00537BCA /* success-bunny.png */; };
		AABF156D2A2D1F3A00537BCA /* BondiBallElipse.pxd in Resources */ = {isa = PBXBuildFile; fileRef = AABF15012A2D1F3A00537BCA /* BondiBallElipse.pxd */; };
		AABF156E2A2D1F3A00537BCA /* BondiBall.jpeg in Resources */ = {isa = PBXBuildFile; fileRef = AABF15022A2D1F3A00537BCA /* BondiBall.jpeg */; };
		AABF156F2A2D1F3A00537BCA /* BondiBallElipse.png in Resources */ = {isa = PBXBuildFile; fileRef = AABF15032A2D1F3A00537BCA /* BondiBallElipse.png */; };
		AABF15702A2D1F3A00537BCA /* BondiBallElipse.jpg in Resources */ = {isa = PBXBuildFile; fileRef = AABF15042A2D1F3A00537BCA /* BondiBallElipse.jpg */; };
		AABF15712A2D1F3A00537BCA /* success-bunny.pxd in Resources */ = {isa = PBXBuildFile; fileRef = AABF15052A2D1F3A00537BCA /* success-bunny.pxd */; };
		AABF15722A2D1F3A00537BCA /* Assets.xcassets in Resources */ = {isa = PBXBuildFile; fileRef = AABF15062A2D1F3A00537BCA /* Assets.xcassets */; };
		AABF15732A2D1F3A00537BCA /* App.jpeg in Resources */ = {isa = PBXBuildFile; fileRef = AABF15072A2D1F3A00537BCA /* App.jpeg */; };
		AABF15742A2D1F3A00537BCA /* Todo.md in Resources */ = {isa = PBXBuildFile; fileRef = AABF15082A2D1F3A00537BCA /* Todo.md */; };
		AABF15752A2D1F3A00537BCA /* LaunchScreen.storyboard in Resources */ = {isa = PBXBuildFile; fileRef = AABF15092A2D1F3A00537BCA /* LaunchScreen.storyboard */; };
		AABF15762A2D1F3A00537BCA /* failed.m4a in Resources */ = {isa = PBXBuildFile; fileRef = AABF150C2A2D1F3A00537BCA /* failed.m4a */; };
		AABF15772A2D1F3A00537BCA /* touched.m4a in Resources */ = {isa = PBXBuildFile; fileRef = AABF150D2A2D1F3A00537BCA /* touched.m4a */; };
		AABF15782A2D1F3A00537BCA /* 🏰 Q-Locked 🗝️.m4a in Resources */ = {isa = PBXBuildFile; fileRef = AABF150F2A2D1F3A00537BCA /* 🏰 Q-Locked 🗝️.m4a */; };
		AABF15792A2D1F3A00537BCA /* missed.m4a in Resources */ = {isa = PBXBuildFile; fileRef = AABF15102A2D1F3A00537BCA /* missed.m4a */; };
		AABF157A2A2D1F3A00537BCA /* scored.m4a in Resources */ = {isa = PBXBuildFile; fileRef = AABF15112A2D1F3A00537BCA /* scored.m4a */; };
		AABF157B2A2D1F3A00537BCA /* flicked.m4a in Resources */ = {isa = PBXBuildFile; fileRef = AABF15122A2D1F3A00537BCA /* flicked.m4a */; };
		AABF157C2A2D1F3A00537BCA /* DJ Game.pdf in Resources */ = {isa = PBXBuildFile; fileRef = AABF15132A2D1F3A00537BCA /* DJ Game.pdf */; };
		AABF157D2A2D1F3A00537BCA /* Original ReadMe.md in Resources */ = {isa = PBXBuildFile; fileRef = AABF15142A2D1F3A00537BCA /* Original ReadMe.md */; };
		AABF157E2A2D1F3A00537BCA /* Info.plist in Resources */ = {isa = PBXBuildFile; fileRef = AABF15152A2D1F3A00537BCA /* Info.plist */; };
		AABF157F2A2D1F3A00537BCA /* .gitignore in Resources */ = {isa = PBXBuildFile; fileRef = AABF15192A2D1F3A00537BCA /* .gitignore */; };
		AABF15802A2D1F3A00537BCA /* PocketVD.swift in Sources */ = {isa = PBXBuildFile; fileRef = AABF151C2A2D1F3A00537BCA /* PocketVD.swift */; };
		AABF15812A2D1F3A00537BCA /* RootNavigationController.swift in Sources */ = {isa = PBXBuildFile; fileRef = AABF151E2A2D1F3A00537BCA /* RootNavigationController.swift */; };
		AABF15822A2D1F3A00537BCA /* LevelCollection.swift in Sources */ = {isa = PBXBuildFile; fileRef = AABF15202A2D1F3A00537BCA /* LevelCollection.swift */; };
		AABF15832A2D1F3A00537BCA /* GameController.swift in Sources */ = {isa = PBXBuildFile; fileRef = AABF15212A2D1F3A00537BCA /* GameController.swift */; };
		AABF15842A2D1F3A00537BCA /* GameState.swift in Sources */ = {isa = PBXBuildFile; fileRef = AABF15222A2D1F3A00537BCA /* GameState.swift */; };
		AABF15852A2D1F3A00537BCA /* GameController+GamePoints.swift in Sources */ = {isa = PBXBuildFile; fileRef = AABF15242A2D1F3A00537BCA /* GameController+GamePoints.swift */; };
		AABF15862A2D1F3A00537BCA /* GameController+LevelProgress.swift in Sources */ = {isa = PBXBuildFile; fileRef = AABF15252A2D1F3A00537BCA /* GameController+LevelProgress.swift */; };
		AABF15872A2D1F3A00537BCA /* GameController+SoundtrackProgression.swift in Sources */ = {isa = PBXBuildFile; fileRef = AABF15262A2D1F3A00537BCA /* GameController+SoundtrackProgression.swift */; };
		AABF15882A2D1F3A00537BCA /* CGVector+Extensions.swift in Sources */ = {isa = PBXBuildFile; fileRef = AABF15282A2D1F3A00537BCA /* CGVector+Extensions.swift */; };
		AABF15892A2D1F3A00537BCA /* UIButton+Extensions.swift in Sources */ = {isa = PBXBuildFile; fileRef = AABF15292A2D1F3A00537BCA /* UIButton+Extensions.swift */; };
		AABF158A2A2D1F3A00537BCA /* UIView+Extensions.swift in Sources */ = {isa = PBXBuildFile; fileRef = AABF152A2A2D1F3A00537BCA /* UIView+Extensions.swift */; };
		AABF158B2A2D1F3A00537BCA /* UIColor+Extensions.swift in Sources */ = {isa = PBXBuildFile; fileRef = AABF152B2A2D1F3A00537BCA /* UIColor+Extensions.swift */; };
		AABF158C2A2D1F3A00537BCA /* UIGestureRecognizer+Extensions.swift in Sources */ = {isa = PBXBuildFile; fileRef = AABF152C2A2D1F3A00537BCA /* UIGestureRecognizer+Extensions.swift */; };
		AABF158D2A2D1F3A00537BCA /* Sequence+Extensions.swift in Sources */ = {isa = PBXBuildFile; fileRef = AABF152D2A2D1F3A00537BCA /* Sequence+Extensions.swift */; };
		AABF158E2A2D1F3A00537BCA /* UINavigationController+Extensions.swift in Sources */ = {isa = PBXBuildFile; fileRef = AABF152E2A2D1F3A00537BCA /* UINavigationController+Extensions.swift */; };
		AABF158F2A2D1F3A00537BCA /* CGPoint+Extensions.swift in Sources */ = {isa = PBXBuildFile; fileRef = AABF152F2A2D1F3A00537BCA /* CGPoint+Extensions.swift */; };
		AABF15902A2D1F3A00537BCA /* CGRect+Extensions.swift in Sources */ = {isa = PBXBuildFile; fileRef = AABF15302A2D1F3A00537BCA /* CGRect+Extensions.swift */; };
		AABF15912A2D1F3A00537BCA /* UINib+Extensions.swift in Sources */ = {isa = PBXBuildFile; fileRef = AABF15312A2D1F3A00537BCA /* UINib+Extensions.swift */; };
		AABF15922A2D1F3A00537BCA /* Collection+Extensions.swift in Sources */ = {isa = PBXBuildFile; fileRef = AABF15322A2D1F3A00537BCA /* Collection+Extensions.swift */; };
		AABF15932A2D1F3A00537BCA /* SplashVC.swift in Sources */ = {isa = PBXBuildFile; fileRef = AABF15342A2D1F3A00537BCA /* SplashVC.swift */; };
		AABF15942A2D1F3A00537BCA /* SetupController.xib in Resources */ = {isa = PBXBuildFile; fileRef = AABF15362A2D1F3A00537BCA /* SetupController.xib */; };
		AABF15952A2D1F3A00537BCA /* SetupController.swift in Sources */ = {isa = PBXBuildFile; fileRef = AABF15372A2D1F3A00537BCA /* SetupController.swift */; };
		AABF15962A2D1F3A00537BCA /* Game+UI.swift in Sources */ = {isa = PBXBuildFile; fileRef = AABF15392A2D1F3A00537BCA /* Game+UI.swift */; };
		AABF15972A2D1F3A00537BCA /* GameVC.swift in Sources */ = {isa = PBXBuildFile; fileRef = AABF153A2A2D1F3A00537BCA /* GameVC.swift */; };
		AABF15982A2D1F3A00537BCA /* Game.xib in Resources */ = {isa = PBXBuildFile; fileRef = AABF153B2A2D1F3A00537BCA /* Game.xib */; };
		AABF15992A2D1F3A00537BCA /* Game+Sounds.swift in Sources */ = {isa = PBXBuildFile; fileRef = AABF153C2A2D1F3A00537BCA /* Game+Sounds.swift */; };
		AABF159A2A2D1F3A00537BCA /* Game+Haptics.swift in Sources */ = {isa = PBXBuildFile; fileRef = AABF153D2A2D1F3A00537BCA /* Game+Haptics.swift */; };
		AABF159B2A2D1F3A00537BCA /* Game+Level.swift in Sources */ = {isa = PBXBuildFile; fileRef = AABF153E2A2D1F3A00537BCA /* Game+Level.swift */; };
		AABF159C2A2D1F3A00537BCA /* Game+Gestures.swift in Sources */ = {isa = PBXBuildFile; fileRef = AABF153F2A2D1F3A00537BCA /* Game+Gestures.swift */; };
		AABF159D2A2D1F3A00537BCA /* ScoreVC.swift in Sources */ = {isa = PBXBuildFile; fileRef = AABF15412A2D1F3A00537BCA /* ScoreVC.swift */; };
		AABF159E2A2D1F3A00537BCA /* Score.xib in Resources */ = {isa = PBXBuildFile; fileRef = AABF15422A2D1F3A00537BCA /* Score.xib */; };
		AABF159F2A2D1F3A00537BCA /* AppDelegate.swift in Sources */ = {isa = PBXBuildFile; fileRef = AABF15432A2D1F3A00537BCA /* AppDelegate.swift */; };
		AABF15A02A2D1F3A00537BCA /* App.swift in Sources */ = {isa = PBXBuildFile; fileRef = AABF15442A2D1F3A00537BCA /* App.swift */; };
		AABF15A12A2D1F3A00537BCA /* Aliases.swift in Sources */ = {isa = PBXBuildFile; fileRef = AABF15462A2D1F3A00537BCA /* Aliases.swift */; };
		AABF15A22A2D1F3A00537BCA /* Protocols.swift in Sources */ = {isa = PBXBuildFile; fileRef = AABF15472A2D1F3A00537BCA /* Protocols.swift */; };
		AABF15A32A2D1F3A00537BCA /* BondiBallView.swift in Sources */ = {isa = PBXBuildFile; fileRef = AABF15492A2D1F3A00537BCA /* BondiBallView.swift */; };
		AABF15A42A2D1F3A00537BCA /* PocketView.swift in Sources */ = {isa = PBXBuildFile; fileRef = AABF154A2A2D1F3A00537BCA /* PocketView.swift */; };
		AABF15A52A2D1F3A00537BCA /* Board.swift in Sources */ = {isa = PBXBuildFile; fileRef = AABF154C2A2D1F3A00537BCA /* Board.swift */; };
		AABF15A62A2D1F3A00537BCA /* PanGestureRecognizer.swift in Sources */ = {isa = PBXBuildFile; fileRef = AABF154D2A2D1F3A00537BCA /* PanGestureRecognizer.swift */; };
		AABF15A72A2D1F3A00537BCA /* Sounds.swift in Sources */ = {isa = PBXBuildFile; fileRef = AABF154E2A2D1F3A00537BCA /* Sounds.swift */; };
		AABF15A82A2D1F3A00537BCA /* BondiBall.swift in Sources */ = {isa = PBXBuildFile; fileRef = AABF154F2A2D1F3A00537BCA /* BondiBall.swift */; };
		AABF15A92A2D1F3A00537BCA /* Badge.swift in Sources */ = {isa = PBXBuildFile; fileRef = AABF15502A2D1F3A00537BCA /* Badge.swift */; };
		AABF15AA2A2D1F3A00537BCA /* Level.swift in Sources */ = {isa = PBXBuildFile; fileRef = AABF15512A2D1F3A00537BCA /* Level.swift */; };
		AABF15AB2A2D1F3A00537BCA /* DampedHarmonicSpring.swift in Sources */ = {isa = PBXBuildFile; fileRef = AABF15522A2D1F3A00537BCA /* DampedHarmonicSpring.swift */; };
		AABF15AC2A2D1F3A00537BCA /* MagicParticles.sks in Resources */ = {isa = PBXBuildFile; fileRef = AABF15552A2D1F3A00537BCA /* MagicParticles.sks */; };
		AABF15AD2A2D1F3A00537BCA /* Assets.xcassets in Resources */ = {isa = PBXBuildFile; fileRef = AABF15562A2D1F3A00537BCA /* Assets.xcassets */; };
		AABF15AE2A2D1F3A00537BCA /* BackgroundScene.swift in Sources */ = {isa = PBXBuildFile; fileRef = AABF15572A2D1F3A00537BCA /* BackgroundScene.swift */; };
		AABF15AF2A2D1F3A00537BCA /* Assets.xcassets in Resources */ = {isa = PBXBuildFile; fileRef = AABF15582A2D1F3A00537BCA /* Assets.xcassets */; };
		AABF15B02A2D1F3A00537BCA /* Animations.swift in Sources */ = {isa = PBXBuildFile; fileRef = AABF15592A2D1F3A00537BCA /* Animations.swift */; };
		AABF15B12A2D1F3A00537BCA /* water.fsh in Resources */ = {isa = PBXBuildFile; fileRef = AABF155B2A2D1F3A00537BCA /* water.fsh */; };
		AABF15B22A2D1F3A00537BCA /* beehive.fsh in Resources */ = {isa = PBXBuildFile; fileRef = AABF155C2A2D1F3A00537BCA /* beehive.fsh */; };
		AABF15B32A2D1F3A00537BCA /* glass.fsh in Resources */ = {isa = PBXBuildFile; fileRef = AABF155D2A2D1F3A00537BCA /* glass.fsh */; };
		AABF15B42A2D1F3A00537BCA /* wormhole.fsh in Resources */ = {isa = PBXBuildFile; fileRef = AABF155E2A2D1F3A00537BCA /* wormhole.fsh */; };
		AABF15B52A2D1F3A00537BCA /* lines.fsh in Resources */ = {isa = PBXBuildFile; fileRef = AABF155F2A2D1F3A00537BCA /* lines.fsh */; };
		AABF15B62A2D1F3A00537BCA /* purple_lights.fsh in Resources */ = {isa = PBXBuildFile; fileRef = AABF15602A2D1F3A00537BCA /* purple_lights.fsh */; };
		AABF15B72A2D1F3A00537BCA /* Fidget.iml in Resources */ = {isa = PBXBuildFile; fileRef = AABF15622A2D1F3A00537BCA /* Fidget.iml */; };
		AABF15B82A2D1F3A00537BCA /* vcs.xml in Resources */ = {isa = PBXBuildFile; fileRef = AABF15632A2D1F3A00537BCA /* vcs.xml */; };
		AABF15B92A2D1F3A00537BCA /* .gitignore in Resources */ = {isa = PBXBuildFile; fileRef = AABF15642A2D1F3A00537BCA /* .gitignore */; };
		AABF15BA2A2D1F3A00537BCA /* workspace.xml in Resources */ = {isa = PBXBuildFile; fileRef = AABF15652A2D1F3A00537BCA /* workspace.xml */; };
		AABF15BB2A2D1F3A00537BCA /* modules.xml in Resources */ = {isa = PBXBuildFile; fileRef = AABF15662A2D1F3A00537BCA /* modules.xml */; };
		AABF15BC2A2D1F3A00537BCA /* misc.xml in Resources */ = {isa = PBXBuildFile; fileRef = AABF15672A2D1F3A00537BCA /* misc.xml */; };
/* End PBXBuildFile section */

/* Begin PBXContainerItemProxy section */
		AABF148B2A2AB6DC00537BCA /* PBXContainerItemProxy */ = {
			isa = PBXContainerItemProxy;
			containerPortal = AABF146E2A2AB6DB00537BCA /* Project object */;
			proxyType = 1;
			remoteGlobalIDString = AABF14752A2AB6DB00537BCA;
			remoteInfo = CanvasCards;
		};
		AABF14952A2AB6DC00537BCA /* PBXContainerItemProxy */ = {
			isa = PBXContainerItemProxy;
			containerPortal = AABF146E2A2AB6DB00537BCA /* Project object */;
			proxyType = 1;
			remoteGlobalIDString = AABF14752A2AB6DB00537BCA;
			remoteInfo = CanvasCards;
		};
		AABF15692A2D1F3A00537BCA /* PBXContainerItemProxy */ = {
			isa = PBXContainerItemProxy;
			containerPortal = AABF15162A2D1F3A00537BCA /* Fidget.xcodeproj */;
			proxyType = 2;
			remoteGlobalIDString = CB0556A220D05B8A00095934;
			remoteInfo = "Bondi Ball";
		};
/* End PBXContainerItemProxy section */

/* Begin PBXFileReference section */
		AABF14762A2AB6DB00537BCA /* CanvasCards.app */ = {isa = PBXFileReference; explicitFileType = wrapper.application; includeInIndex = 0; path = CanvasCards.app; sourceTree = BUILT_PRODUCTS_DIR; };
		AABF14792A2AB6DB00537BCA /* CanvasCardsApp.swift */ = {isa = PBXFileReference; lastKnownFileType = sourcecode.swift; path = CanvasCardsApp.swift; sourceTree = "<group>"; };
		AABF147B2A2AB6DB00537BCA /* CanvasCardsDocument.swift */ = {isa = PBXFileReference; lastKnownFileType = sourcecode.swift; path = CanvasCardsDocument.swift; sourceTree = "<group>"; };
		AABF147D2A2AB6DB00537BCA /* ContentView.swift */ = {isa = PBXFileReference; lastKnownFileType = sourcecode.swift; path = ContentView.swift; sourceTree = "<group>"; };
		AABF147F2A2AB6DC00537BCA /* Assets.xcassets */ = {isa = PBXFileReference; lastKnownFileType = folder.assetcatalog; path = Assets.xcassets; sourceTree = "<group>"; };
		AABF14812A2AB6DC00537BCA /* Info.plist */ = {isa = PBXFileReference; lastKnownFileType = text.plist.xml; path = Info.plist; sourceTree = "<group>"; };
		AABF14822A2AB6DC00537BCA /* CanvasCards.entitlements */ = {isa = PBXFileReference; lastKnownFileType = text.plist.entitlements; path = CanvasCards.entitlements; sourceTree = "<group>"; };
		AABF14842A2AB6DC00537BCA /* Preview Assets.xcassets */ = {isa = PBXFileReference; lastKnownFileType = folder.assetcatalog; path = "Preview Assets.xcassets"; sourceTree = "<group>"; };
		AABF148A2A2AB6DC00537BCA /* CanvasCardsTests.xctest */ = {isa = PBXFileReference; explicitFileType = wrapper.cfbundle; includeInIndex = 0; path = CanvasCardsTests.xctest; sourceTree = BUILT_PRODUCTS_DIR; };
		AABF148E2A2AB6DC00537BCA /* CanvasCardsTests.swift */ = {isa = PBXFileReference; lastKnownFileType = sourcecode.swift; path = CanvasCardsTests.swift; sourceTree = "<group>"; };
		AABF14942A2AB6DC00537BCA /* CanvasCardsUITests.xctest */ = {isa = PBXFileReference; explicitFileType = wrapper.cfbundle; includeInIndex = 0; path = CanvasCardsUITests.xctest; sourceTree = BUILT_PRODUCTS_DIR; };
		AABF14982A2AB6DC00537BCA /* CanvasCardsUITests.swift */ = {isa = PBXFileReference; lastKnownFileType = sourcecode.swift; path = CanvasCardsUITests.swift; sourceTree = "<group>"; };
		AABF149A2A2AB6DC00537BCA /* CanvasCardsUITestsLaunchTests.swift */ = {isa = PBXFileReference; lastKnownFileType = sourcecode.swift; path = CanvasCardsUITestsLaunchTests.swift; sourceTree = "<group>"; };
		AABF14DF2A2ABA0800537BCA /* StampView.swift */ = {isa = PBXFileReference; fileEncoding = 4; lastKnownFileType = sourcecode.swift; path = StampView.swift; sourceTree = "<group>"; };
		AABF14E12A2ABA0800537BCA /* en */ = {isa = PBXFileReference; lastKnownFileType = text.plist.strings; name = en; path = en.lproj/Localizable.strings; sourceTree = "<group>"; };
		AABF14E22A2ABA0800537BCA /* ProfileInfoView.swift */ = {isa = PBXFileReference; fileEncoding = 4; lastKnownFileType = sourcecode.swift; path = ProfileInfoView.swift; sourceTree = "<group>"; };
		AABF14E32A2ABA0800537BCA /* TondorApp.swift */ = {isa = PBXFileReference; fileEncoding = 4; lastKnownFileType = sourcecode.swift; path = TondorApp.swift; sourceTree = "<group>"; };
		AABF14E42A2ABA0800537BCA /* ProfileCardView.swift */ = {isa = PBXFileReference; fileEncoding = 4; lastKnownFileType = sourcecode.swift; path = ProfileCardView.swift; sourceTree = "<group>"; };
		AABF14E52A2ABA0800537BCA /* Assets.xcassets */ = {isa = PBXFileReference; lastKnownFileType = folder.assetcatalog; path = Assets.xcassets; sourceTree = "<group>"; };
		AABF14E62A2ABA0800537BCA /* sv */ = {isa = PBXFileReference; lastKnownFileType = text.plist.strings; name = sv; path = sv.lproj/Localizable.strings; sourceTree = "<group>"; };
		AABF14E82A2ABA0800537BCA /* Preview Assets.xcassets */ = {isa = PBXFileReference; lastKnownFileType = folder.assetcatalog; path = "Preview Assets.xcassets"; sourceTree = "<group>"; };
		AABF14E92A2ABA0800537BCA /* SwipeView.swift */ = {isa = PBXFileReference; fileEncoding = 4; lastKnownFileType = sourcecode.swift; path = SwipeView.swift; sourceTree = "<group>"; };
		AABF14EA2A2ABA0800537BCA /* TondorContentView.swift */ = {isa = PBXFileReference; fileEncoding = 4; lastKnownFileType = sourcecode.swift; path = TondorContentView.swift; sourceTree = "<group>"; };
		AABF14EB2A2ABA0800537BCA /* nl */ = {isa = PBXFileReference; lastKnownFileType = text.plist.strings; name = nl; path = nl.lproj/Localizable.strings; sourceTree = "<group>"; };
		AABF14EC2A2ABA0800537BCA /* TondorLogo.swift */ = {isa = PBXFileReference; fileEncoding = 4; lastKnownFileType = sourcecode.swift; path = TondorLogo.swift; sourceTree = "<group>"; };
		AABF14EE2A2ABA0800537BCA /* Profile.swift */ = {isa = PBXFileReference; fileEncoding = 4; lastKnownFileType = sourcecode.swift; path = Profile.swift; sourceTree = "<group>"; };
		AABF14EF2A2ABA0800537BCA /* LikeType.swift */ = {isa = PBXFileReference; fileEncoding = 4; lastKnownFileType = sourcecode.swift; path = LikeType.swift; sourceTree = "<group>"; };
		AABF14FE2A2D1F3A00537BCA /* Philoshophy.md */ = {isa = PBXFileReference; fileEncoding = 4; lastKnownFileType = net.daringfireball.markdown; path = Philoshophy.md; sourceTree = "<group>"; };
		AABF15002A2D1F3A00537BCA /* success-bunny.png */ = {isa = PBXFileReference; lastKnownFileType = image.png; path = "success-bunny.png"; sourceTree = "<group>"; };
		AABF15012A2D1F3A00537BCA /* BondiBallElipse.pxd */ = {isa = PBXFileReference; lastKnownFileType = file; path = BondiBallElipse.pxd; sourceTree = "<group>"; };
		AABF15022A2D1F3A00537BCA /* BondiBall.jpeg */ = {isa = PBXFileReference; lastKnownFileType = image.jpeg; path = BondiBall.jpeg; sourceTree = "<group>"; };
		AABF15032A2D1F3A00537BCA /* BondiBallElipse.png */ = {isa = PBXFileReference; lastKnownFileType = image.png; path = BondiBallElipse.png; sourceTree = "<group>"; };
		AABF15042A2D1F3A00537BCA /* BondiBallElipse.jpg */ = {isa = PBXFileReference; lastKnownFileType = image.jpeg; path = BondiBallElipse.jpg; sourceTree = "<group>"; };
		AABF15052A2D1F3A00537BCA /* success-bunny.pxd */ = {isa = PBXFileReference; lastKnownFileType = file; path = "success-bunny.pxd"; sourceTree = "<group>"; };
		AABF15062A2D1F3A00537BCA /* Assets.xcassets */ = {isa = PBXFileReference; lastKnownFileType = folder.assetcatalog; path = Assets.xcassets; sourceTree = "<group>"; };
		AABF15072A2D1F3A00537BCA /* App.jpeg */ = {isa = PBXFileReference; lastKnownFileType = image.jpeg; path = App.jpeg; sourceTree = "<group>"; };
		AABF15082A2D1F3A00537BCA /* Todo.md */ = {isa = PBXFileReference; fileEncoding = 4; lastKnownFileType = net.daringfireball.markdown; path = Todo.md; sourceTree = "<group>"; };
		AABF150A2A2D1F3A00537BCA /* Base */ = {isa = PBXFileReference; lastKnownFileType = file.storyboard; name = Base; path = Base.lproj/LaunchScreen.storyboard; sourceTree = "<group>"; };
		AABF150C2A2D1F3A00537BCA /* failed.m4a */ = {isa = PBXFileReference; lastKnownFileType = file; path = failed.m4a; sourceTree = "<group>"; };
		AABF150D2A2D1F3A00537BCA /* touched.m4a */ = {isa = PBXFileReference; lastKnownFileType = file; path = touched.m4a; sourceTree = "<group>"; };
		AABF150F2A2D1F3A00537BCA /* 🏰 Q-Locked 🗝️.m4a */ = {isa = PBXFileReference; lastKnownFileType = file; path = "🏰 Q-Locked 🗝️.m4a"; sourceTree = "<group>"; };
		AABF15102A2D1F3A00537BCA /* missed.m4a */ = {isa = PBXFileReference; lastKnownFileType = file; path = missed.m4a; sourceTree = "<group>"; };
		AABF15112A2D1F3A00537BCA /* scored.m4a */ = {isa = PBXFileReference; lastKnownFileType = file; path = scored.m4a; sourceTree = "<group>"; };
		AABF15122A2D1F3A00537BCA /* flicked.m4a */ = {isa = PBXFileReference; lastKnownFileType = file; path = flicked.m4a; sourceTree = "<group>"; };
		AABF15132A2D1F3A00537BCA /* DJ Game.pdf */ = {isa = PBXFileReference; lastKnownFileType = image.pdf; path = "DJ Game.pdf"; sourceTree = "<group>"; };
		AABF15142A2D1F3A00537BCA /* Original ReadMe.md */ = {isa = PBXFileReference; fileEncoding = 4; lastKnownFileType = net.daringfireball.markdown; path = "Original ReadMe.md"; sourceTree = "<group>"; };
		AABF15152A2D1F3A00537BCA /* Info.plist */ = {isa = PBXFileReference; fileEncoding = 4; lastKnownFileType = text.plist.xml; path = Info.plist; sourceTree = "<group>"; };
		AABF15162A2D1F3A00537BCA /* Fidget.xcodeproj */ = {isa = PBXFileReference; lastKnownFileType = "wrapper.pb-project"; path = Fidget.xcodeproj; sourceTree = "<group>"; };
		AABF15192A2D1F3A00537BCA /* .gitignore */ = {isa = PBXFileReference; fileEncoding = 4; lastKnownFileType = text; path = .gitignore; sourceTree = "<group>"; };
		AABF151C2A2D1F3A00537BCA /* PocketVD.swift */ = {isa = PBXFileReference; fileEncoding = 4; lastKnownFileType = sourcecode.swift; path = PocketVD.swift; sourceTree = "<group>"; };
		AABF151E2A2D1F3A00537BCA /* RootNavigationController.swift */ = {isa = PBXFileReference; fileEncoding = 4; lastKnownFileType = sourcecode.swift; path = RootNavigationController.swift; sourceTree = "<group>"; };
		AABF15202A2D1F3A00537BCA /* LevelCollection.swift */ = {isa = PBXFileReference; fileEncoding = 4; lastKnownFileType = sourcecode.swift; path = LevelCollection.swift; sourceTree = "<group>"; };
		AABF15212A2D1F3A00537BCA /* GameController.swift */ = {isa = PBXFileReference; fileEncoding = 4; lastKnownFileType = sourcecode.swift; path = GameController.swift; sourceTree = "<group>"; };
		AABF15222A2D1F3A00537BCA /* GameState.swift */ = {isa = PBXFileReference; fileEncoding = 4; lastKnownFileType = sourcecode.swift; path = GameState.swift; sourceTree = "<group>"; };
		AABF15242A2D1F3A00537BCA /* GameController+GamePoints.swift */ = {isa = PBXFileReference; fileEncoding = 4; lastKnownFileType = sourcecode.swift; path = "GameController+GamePoints.swift"; sourceTree = "<group>"; };
		AABF15252A2D1F3A00537BCA /* GameController+LevelProgress.swift */ = {isa = PBXFileReference; fileEncoding = 4; lastKnownFileType = sourcecode.swift; path = "GameController+LevelProgress.swift"; sourceTree = "<group>"; };
		AABF15262A2D1F3A00537BCA /* GameController+SoundtrackProgression.swift */ = {isa = PBXFileReference; fileEncoding = 4; lastKnownFileType = sourcecode.swift; path = "GameController+SoundtrackProgression.swift"; sourceTree = "<group>"; };
		AABF15282A2D1F3A00537BCA /* CGVector+Extensions.swift */ = {isa = PBXFileReference; fileEncoding = 4; lastKnownFileType = sourcecode.swift; path = "CGVector+Extensions.swift"; sourceTree = "<group>"; };
		AABF15292A2D1F3A00537BCA /* UIButton+Extensions.swift */ = {isa = PBXFileReference; fileEncoding = 4; lastKnownFileType = sourcecode.swift; path = "UIButton+Extensions.swift"; sourceTree = "<group>"; };
		AABF152A2A2D1F3A00537BCA /* UIView+Extensions.swift */ = {isa = PBXFileReference; fileEncoding = 4; lastKnownFileType = sourcecode.swift; path = "UIView+Extensions.swift"; sourceTree = "<group>"; };
		AABF152B2A2D1F3A00537BCA /* UIColor+Extensions.swift */ = {isa = PBXFileReference; fileEncoding = 4; lastKnownFileType = sourcecode.swift; path = "UIColor+Extensions.swift"; sourceTree = "<group>"; };
		AABF152C2A2D1F3A00537BCA /* UIGestureRecognizer+Extensions.swift */ = {isa = PBXFileReference; fileEncoding = 4; lastKnownFileType = sourcecode.swift; path = "UIGestureRecognizer+Extensions.swift"; sourceTree = "<group>"; };
		AABF152D2A2D1F3A00537BCA /* Sequence+Extensions.swift */ = {isa = PBXFileReference; fileEncoding = 4; lastKnownFileType = sourcecode.swift; path = "Sequence+Extensions.swift"; sourceTree = "<group>"; };
		AABF152E2A2D1F3A00537BCA /* UINavigationController+Extensions.swift */ = {isa = PBXFileReference; fileEncoding = 4; lastKnownFileType = sourcecode.swift; path = "UINavigationController+Extensions.swift"; sourceTree = "<group>"; };
		AABF152F2A2D1F3A00537BCA /* CGPoint+Extensions.swift */ = {isa = PBXFileReference; fileEncoding = 4; lastKnownFileType = sourcecode.swift; path = "CGPoint+Extensions.swift"; sourceTree = "<group>"; };
		AABF15302A2D1F3A00537BCA /* CGRect+Extensions.swift */ = {isa = PBXFileReference; fileEncoding = 4; lastKnownFileType = sourcecode.swift; path = "CGRect+Extensions.swift"; sourceTree = "<group>"; };
		AABF15312A2D1F3A00537BCA /* UINib+Extensions.swift */ = {isa = PBXFileReference; fileEncoding = 4; lastKnownFileType = sourcecode.swift; path = "UINib+Extensions.swift"; sourceTree = "<group>"; };
		AABF15322A2D1F3A00537BCA /* Collection+Extensions.swift */ = {isa = PBXFileReference; fileEncoding = 4; lastKnownFileType = sourcecode.swift; path = "Collection+Extensions.swift"; sourceTree = "<group>"; };
		AABF15342A2D1F3A00537BCA /* SplashVC.swift */ = {isa = PBXFileReference; fileEncoding = 4; lastKnownFileType = sourcecode.swift; path = SplashVC.swift; sourceTree = "<group>"; };
		AABF15362A2D1F3A00537BCA /* SetupController.xib */ = {isa = PBXFileReference; fileEncoding = 4; lastKnownFileType = file.xib; path = SetupController.xib; sourceTree = "<group>"; };
		AABF15372A2D1F3A00537BCA /* SetupController.swift */ = {isa = PBXFileReference; fileEncoding = 4; lastKnownFileType = sourcecode.swift; path = SetupController.swift; sourceTree = "<group>"; };
		AABF15392A2D1F3A00537BCA /* Game+UI.swift */ = {isa = PBXFileReference; fileEncoding = 4; lastKnownFileType = sourcecode.swift; path = "Game+UI.swift"; sourceTree = "<group>"; };
		AABF153A2A2D1F3A00537BCA /* GameVC.swift */ = {isa = PBXFileReference; fileEncoding = 4; lastKnownFileType = sourcecode.swift; path = GameVC.swift; sourceTree = "<group>"; };
		AABF153B2A2D1F3A00537BCA /* Game.xib */ = {isa = PBXFileReference; fileEncoding = 4; lastKnownFileType = file.xib; path = Game.xib; sourceTree = "<group>"; };
		AABF153C2A2D1F3A00537BCA /* Game+Sounds.swift */ = {isa = PBXFileReference; fileEncoding = 4; lastKnownFileType = sourcecode.swift; path = "Game+Sounds.swift"; sourceTree = "<group>"; };
		AABF153D2A2D1F3A00537BCA /* Game+Haptics.swift */ = {isa = PBXFileReference; fileEncoding = 4; lastKnownFileType = sourcecode.swift; path = "Game+Haptics.swift"; sourceTree = "<group>"; };
		AABF153E2A2D1F3A00537BCA /* Game+Level.swift */ = {isa = PBXFileReference; fileEncoding = 4; lastKnownFileType = sourcecode.swift; path = "Game+Level.swift"; sourceTree = "<group>"; };
		AABF153F2A2D1F3A00537BCA /* Game+Gestures.swift */ = {isa = PBXFileReference; fileEncoding = 4; lastKnownFileType = sourcecode.swift; path = "Game+Gestures.swift"; sourceTree = "<group>"; };
		AABF15412A2D1F3A00537BCA /* ScoreVC.swift */ = {isa = PBXFileReference; fileEncoding = 4; lastKnownFileType = sourcecode.swift; path = ScoreVC.swift; sourceTree = "<group>"; };
		AABF15422A2D1F3A00537BCA /* Score.xib */ = {isa = PBXFileReference; fileEncoding = 4; lastKnownFileType = file.xib; path = Score.xib; sourceTree = "<group>"; };
		AABF15432A2D1F3A00537BCA /* AppDelegate.swift */ = {isa = PBXFileReference; fileEncoding = 4; lastKnownFileType = sourcecode.swift; path = AppDelegate.swift; sourceTree = "<group>"; };
		AABF15442A2D1F3A00537BCA /* App.swift */ = {isa = PBXFileReference; fileEncoding = 4; lastKnownFileType = sourcecode.swift; path = App.swift; sourceTree = "<group>"; };
		AABF15462A2D1F3A00537BCA /* Aliases.swift */ = {isa = PBXFileReference; fileEncoding = 4; lastKnownFileType = sourcecode.swift; path = Aliases.swift; sourceTree = "<group>"; };
		AABF15472A2D1F3A00537BCA /* Protocols.swift */ = {isa = PBXFileReference; fileEncoding = 4; lastKnownFileType = sourcecode.swift; path = Protocols.swift; sourceTree = "<group>"; };
		AABF15492A2D1F3A00537BCA /* BondiBallView.swift */ = {isa = PBXFileReference; fileEncoding = 4; lastKnownFileType = sourcecode.swift; path = BondiBallView.swift; sourceTree = "<group>"; };
		AABF154A2A2D1F3A00537BCA /* PocketView.swift */ = {isa = PBXFileReference; fileEncoding = 4; lastKnownFileType = sourcecode.swift; path = PocketView.swift; sourceTree = "<group>"; };
		AABF154C2A2D1F3A00537BCA /* Board.swift */ = {isa = PBXFileReference; fileEncoding = 4; lastKnownFileType = sourcecode.swift; path = Board.swift; sourceTree = "<group>"; };
		AABF154D2A2D1F3A00537BCA /* PanGestureRecognizer.swift */ = {isa = PBXFileReference; fileEncoding = 4; lastKnownFileType = sourcecode.swift; path = PanGestureRecognizer.swift; sourceTree = "<group>"; };
		AABF154E2A2D1F3A00537BCA /* Sounds.swift */ = {isa = PBXFileReference; fileEncoding = 4; lastKnownFileType = sourcecode.swift; path = Sounds.swift; sourceTree = "<group>"; };
		AABF154F2A2D1F3A00537BCA /* BondiBall.swift */ = {isa = PBXFileReference; fileEncoding = 4; lastKnownFileType = sourcecode.swift; path = BondiBall.swift; sourceTree = "<group>"; };
		AABF15502A2D1F3A00537BCA /* Badge.swift */ = {isa = PBXFileReference; fileEncoding = 4; lastKnownFileType = sourcecode.swift; path = Badge.swift; sourceTree = "<group>"; };
		AABF15512A2D1F3A00537BCA /* Level.swift */ = {isa = PBXFileReference; fileEncoding = 4; lastKnownFileType = sourcecode.swift; path = Level.swift; sourceTree = "<group>"; };
		AABF15522A2D1F3A00537BCA /* DampedHarmonicSpring.swift */ = {isa = PBXFileReference; fileEncoding = 4; lastKnownFileType = sourcecode.swift; path = DampedHarmonicSpring.swift; sourceTree = "<group>"; };
		AABF15552A2D1F3A00537BCA /* MagicParticles.sks */ = {isa = PBXFileReference; lastKnownFileType = file.sks; path = MagicParticles.sks; sourceTree = "<group>"; };
		AABF15562A2D1F3A00537BCA /* Assets.xcassets */ = {isa = PBXFileReference; lastKnownFileType = folder.assetcatalog; path = Assets.xcassets; sourceTree = "<group>"; };
		AABF15572A2D1F3A00537BCA /* BackgroundScene.swift */ = {isa = PBXFileReference; fileEncoding = 4; lastKnownFileType = sourcecode.swift; path = BackgroundScene.swift; sourceTree = "<group>"; };
		AABF15582A2D1F3A00537BCA /* Assets.xcassets */ = {isa = PBXFileReference; lastKnownFileType = folder.assetcatalog; path = Assets.xcassets; sourceTree = "<group>"; };
		AABF15592A2D1F3A00537BCA /* Animations.swift */ = {isa = PBXFileReference; fileEncoding = 4; lastKnownFileType = sourcecode.swift; path = Animations.swift; sourceTree = "<group>"; };
		AABF155B2A2D1F3A00537BCA /* water.fsh */ = {isa = PBXFileReference; fileEncoding = 4; lastKnownFileType = sourcecode.glsl; path = water.fsh; sourceTree = "<group>"; };
		AABF155C2A2D1F3A00537BCA /* beehive.fsh */ = {isa = PBXFileReference; fileEncoding = 4; lastKnownFileType = sourcecode.glsl; path = beehive.fsh; sourceTree = "<group>"; };
		AABF155D2A2D1F3A00537BCA /* glass.fsh */ = {isa = PBXFileReference; fileEncoding = 4; lastKnownFileType = sourcecode.glsl; path = glass.fsh; sourceTree = "<group>"; };
		AABF155E2A2D1F3A00537BCA /* wormhole.fsh */ = {isa = PBXFileReference; fileEncoding = 4; lastKnownFileType = sourcecode.glsl; path = wormhole.fsh; sourceTree = "<group>"; };
		AABF155F2A2D1F3A00537BCA /* lines.fsh */ = {isa = PBXFileReference; fileEncoding = 4; lastKnownFileType = sourcecode.glsl; path = lines.fsh; sourceTree = "<group>"; };
		AABF15602A2D1F3A00537BCA /* purple_lights.fsh */ = {isa = PBXFileReference; fileEncoding = 4; lastKnownFileType = sourcecode.glsl; path = purple_lights.fsh; sourceTree = "<group>"; };
		AABF15622A2D1F3A00537BCA /* Fidget.iml */ = {isa = PBXFileReference; fileEncoding = 4; lastKnownFileType = text.xml; path = Fidget.iml; sourceTree = "<group>"; };
		AABF15632A2D1F3A00537BCA /* vcs.xml */ = {isa = PBXFileReference; fileEncoding = 4; lastKnownFileType = text.xml; path = vcs.xml; sourceTree = "<group>"; };
		AABF15642A2D1F3A00537BCA /* .gitignore */ = {isa = PBXFileReference; fileEncoding = 4; lastKnownFileType = text; path = .gitignore; sourceTree = "<group>"; };
		AABF15652A2D1F3A00537BCA /* workspace.xml */ = {isa = PBXFileReference; fileEncoding = 4; lastKnownFileType = text.xml; path = workspace.xml; sourceTree = "<group>"; };
		AABF15662A2D1F3A00537BCA /* modules.xml */ = {isa = PBXFileReference; fileEncoding = 4; lastKnownFileType = text.xml; path = modules.xml; sourceTree = "<group>"; };
		AABF15672A2D1F3A00537BCA /* misc.xml */ = {isa = PBXFileReference; fileEncoding = 4; lastKnownFileType = text.xml; path = misc.xml; sourceTree = "<group>"; };
/* End PBXFileReference section */

/* Begin PBXFrameworksBuildPhase section */
		AABF14732A2AB6DB00537BCA /* Frameworks */ = {
			isa = PBXFrameworksBuildPhase;
			buildActionMask = 2147483647;
			files = (
			);
			runOnlyForDeploymentPostprocessing = 0;
		};
		AABF14872A2AB6DC00537BCA /* Frameworks */ = {
			isa = PBXFrameworksBuildPhase;
			buildActionMask = 2147483647;
			files = (
			);
			runOnlyForDeploymentPostprocessing = 0;
		};
		AABF14912A2AB6DC00537BCA /* Frameworks */ = {
			isa = PBXFrameworksBuildPhase;
			buildActionMask = 2147483647;
			files = (
			);
			runOnlyForDeploymentPostprocessing = 0;
		};
/* End PBXFrameworksBuildPhase section */

/* Begin PBXGroup section */
		AABF146D2A2AB6DB00537BCA = {
			isa = PBXGroup;
			children = (
				AABF14782A2AB6DB00537BCA /* CanvasCards */,
				AABF148D2A2AB6DC00537BCA /* CanvasCardsTests */,
				AABF14972A2AB6DC00537BCA /* CanvasCardsUITests */,
				AABF14FC2A2D1F3A00537BCA /* Fidget */,
				AABF14DE2A2ABA0800537BCA /* Tondor */,
				AABF14772A2AB6DB00537BCA /* Products */,
			);
			sourceTree = "<group>";
		};
		AABF14772A2AB6DB00537BCA /* Products */ = {
			isa = PBXGroup;
			children = (
				AABF14762A2AB6DB00537BCA /* CanvasCards.app */,
				AABF148A2A2AB6DC00537BCA /* CanvasCardsTests.xctest */,
				AABF14942A2AB6DC00537BCA /* CanvasCardsUITests.xctest */,
			);
			name = Products;
			sourceTree = "<group>";
		};
		AABF14782A2AB6DB00537BCA /* CanvasCards */ = {
			isa = PBXGroup;
			children = (
				AABF14792A2AB6DB00537BCA /* CanvasCardsApp.swift */,
				AABF147B2A2AB6DB00537BCA /* CanvasCardsDocument.swift */,
				AABF147D2A2AB6DB00537BCA /* ContentView.swift */,
				AABF147F2A2AB6DC00537BCA /* Assets.xcassets */,
				AABF14812A2AB6DC00537BCA /* Info.plist */,
				AABF14822A2AB6DC00537BCA /* CanvasCards.entitlements */,
				AABF14832A2AB6DC00537BCA /* Preview Content */,
			);
			path = CanvasCards;
			sourceTree = "<group>";
		};
		AABF14832A2AB6DC00537BCA /* Preview Content */ = {
			isa = PBXGroup;
			children = (
				AABF14842A2AB6DC00537BCA /* Preview Assets.xcassets */,
			);
			path = "Preview Content";
			sourceTree = "<group>";
		};
		AABF148D2A2AB6DC00537BCA /* CanvasCardsTests */ = {
			isa = PBXGroup;
			children = (
				AABF148E2A2AB6DC00537BCA /* CanvasCardsTests.swift */,
			);
			path = CanvasCardsTests;
			sourceTree = "<group>";
		};
		AABF14972A2AB6DC00537BCA /* CanvasCardsUITests */ = {
			isa = PBXGroup;
			children = (
				AABF14982A2AB6DC00537BCA /* CanvasCardsUITests.swift */,
				AABF149A2A2AB6DC00537BCA /* CanvasCardsUITestsLaunchTests.swift */,
			);
			path = CanvasCardsUITests;
			sourceTree = "<group>";
		};
		AABF14DE2A2ABA0800537BCA /* Tondor */ = {
			isa = PBXGroup;
			children = (
				AABF14DF2A2ABA0800537BCA /* StampView.swift */,
				AABF14E02A2ABA0800537BCA /* Localizable.strings */,
				AABF14E22A2ABA0800537BCA /* ProfileInfoView.swift */,
				AABF14E32A2ABA0800537BCA /* TondorApp.swift */,
				AABF14E42A2ABA0800537BCA /* ProfileCardView.swift */,
				AABF14E52A2ABA0800537BCA /* Assets.xcassets */,
				AABF14E72A2ABA0800537BCA /* Preview Content */,
				AABF14E92A2ABA0800537BCA /* SwipeView.swift */,
				AABF14EA2A2ABA0800537BCA /* TondorContentView.swift */,
				AABF14EC2A2ABA0800537BCA /* TondorLogo.swift */,
				AABF14ED2A2ABA0800537BCA /* Data Model */,
			);
			path = Tondor;
			sourceTree = SOURCE_ROOT;
		};
		AABF14E72A2ABA0800537BCA /* Preview Content */ = {
			isa = PBXGroup;
			children = (
				AABF14E82A2ABA0800537BCA /* Preview Assets.xcassets */,
			);
			path = "Preview Content";
			sourceTree = "<group>";
		};
		AABF14ED2A2ABA0800537BCA /* Data Model */ = {
			isa = PBXGroup;
			children = (
				AABF14EE2A2ABA0800537BCA /* Profile.swift */,
				AABF14EF2A2ABA0800537BCA /* LikeType.swift */,
			);
			path = "Data Model";
			sourceTree = "<group>";
		};
		AABF14FC2A2D1F3A00537BCA /* Fidget */ = {
			isa = PBXGroup;
			children = (
				AABF14FD2A2D1F3A00537BCA /* Resources */,
				AABF15162A2D1F3A00537BCA /* Fidget.xcodeproj */,
				AABF15192A2D1F3A00537BCA /* .gitignore */,
				AABF151A2A2D1F3A00537BCA /* Sources */,
				AABF15612A2D1F3A00537BCA /* .idea */,
			);
			path = Fidget;
			sourceTree = SOURCE_ROOT;
		};
		AABF14FD2A2D1F3A00537BCA /* Resources */ = {
			isa = PBXGroup;
			children = (
				AABF14FE2A2D1F3A00537BCA /* Philoshophy.md */,
				AABF14FF2A2D1F3A00537BCA /* _Img */,
				AABF15062A2D1F3A00537BCA /* Assets.xcassets */,
				AABF15072A2D1F3A00537BCA /* App.jpeg */,
				AABF15082A2D1F3A00537BCA /* Todo.md */,
				AABF15092A2D1F3A00537BCA /* LaunchScreen.storyboard */,
				AABF150B2A2D1F3A00537BCA /* Sounds */,
				AABF15132A2D1F3A00537BCA /* DJ Game.pdf */,
				AABF15142A2D1F3A00537BCA /* Original ReadMe.md */,
				AABF15152A2D1F3A00537BCA /* Info.plist */,
			);
			path = Resources;
			sourceTree = "<group>";
		};
		AABF14FF2A2D1F3A00537BCA /* _Img */ = {
			isa = PBXGroup;
			children = (
				AABF15002A2D1F3A00537BCA /* success-bunny.png */,
				AABF15012A2D1F3A00537BCA /* BondiBallElipse.pxd */,
				AABF15022A2D1F3A00537BCA /* BondiBall.jpeg */,
				AABF15032A2D1F3A00537BCA /* BondiBallElipse.png */,
				AABF15042A2D1F3A00537BCA /* BondiBallElipse.jpg */,
				AABF15052A2D1F3A00537BCA /* success-bunny.pxd */,
			);
			path = _Img;
			sourceTree = "<group>";
		};
		AABF150B2A2D1F3A00537BCA /* Sounds */ = {
			isa = PBXGroup;
			children = (
				AABF150C2A2D1F3A00537BCA /* failed.m4a */,
				AABF150D2A2D1F3A00537BCA /* touched.m4a */,
				AABF150E2A2D1F3A00537BCA /* Soundtrack */,
				AABF15102A2D1F3A00537BCA /* missed.m4a */,
				AABF15112A2D1F3A00537BCA /* scored.m4a */,
				AABF15122A2D1F3A00537BCA /* flicked.m4a */,
			);
			path = Sounds;
			sourceTree = "<group>";
		};
		AABF150E2A2D1F3A00537BCA /* Soundtrack */ = {
			isa = PBXGroup;
			children = (
				AABF150F2A2D1F3A00537BCA /* 🏰 Q-Locked 🗝️.m4a */,
			);
			path = Soundtrack;
			sourceTree = "<group>";
		};
		AABF15172A2D1F3A00537BCA /* Products */ = {
			isa = PBXGroup;
			children = (
				AABF156A2A2D1F3A00537BCA /* Bondi Ball.app */,
			);
			name = Products;
			sourceTree = "<group>";
		};
		AABF151A2A2D1F3A00537BCA /* Sources */ = {
			isa = PBXGroup;
			children = (
				AABF151B2A2D1F3A00537BCA /* ViewData */,
				AABF151D2A2D1F3A00537BCA /* Navigation */,
				AABF151F2A2D1F3A00537BCA /* Game */,
				AABF15272A2D1F3A00537BCA /* Extensions */,
				AABF15332A2D1F3A00537BCA /* ViewControllers */,
				AABF15432A2D1F3A00537BCA /* AppDelegate.swift */,
				AABF15442A2D1F3A00537BCA /* App.swift */,
				AABF15452A2D1F3A00537BCA /* Definitions */,
				AABF15482A2D1F3A00537BCA /* Views */,
				AABF154B2A2D1F3A00537BCA /* Domain */,
				AABF15532A2D1F3A00537BCA /* Animations */,
			);
			path = Sources;
			sourceTree = "<group>";
		};
		AABF151B2A2D1F3A00537BCA /* ViewData */ = {
			isa = PBXGroup;
			children = (
				AABF151C2A2D1F3A00537BCA /* PocketVD.swift */,
			);
			path = ViewData;
			sourceTree = "<group>";
		};
		AABF151D2A2D1F3A00537BCA /* Navigation */ = {
			isa = PBXGroup;
			children = (
				AABF151E2A2D1F3A00537BCA /* RootNavigationController.swift */,
			);
			path = Navigation;
			sourceTree = "<group>";
		};
		AABF151F2A2D1F3A00537BCA /* Game */ = {
			isa = PBXGroup;
			children = (
				AABF15202A2D1F3A00537BCA /* LevelCollection.swift */,
				AABF15212A2D1F3A00537BCA /* GameController.swift */,
				AABF15222A2D1F3A00537BCA /* GameState.swift */,
				AABF15232A2D1F3A00537BCA /* SideEffects */,
			);
			path = Game;
			sourceTree = "<group>";
		};
		AABF15232A2D1F3A00537BCA /* SideEffects */ = {
			isa = PBXGroup;
			children = (
				AABF15242A2D1F3A00537BCA /* GameController+GamePoints.swift */,
				AABF15252A2D1F3A00537BCA /* GameController+LevelProgress.swift */,
				AABF15262A2D1F3A00537BCA /* GameController+SoundtrackProgression.swift */,
			);
			path = SideEffects;
			sourceTree = "<group>";
		};
		AABF15272A2D1F3A00537BCA /* Extensions */ = {
			isa = PBXGroup;
			children = (
				AABF15282A2D1F3A00537BCA /* CGVector+Extensions.swift */,
				AABF15292A2D1F3A00537BCA /* UIButton+Extensions.swift */,
				AABF152A2A2D1F3A00537BCA /* UIView+Extensions.swift */,
				AABF152B2A2D1F3A00537BCA /* UIColor+Extensions.swift */,
				AABF152C2A2D1F3A00537BCA /* UIGestureRecognizer+Extensions.swift */,
				AABF152D2A2D1F3A00537BCA /* Sequence+Extensions.swift */,
				AABF152E2A2D1F3A00537BCA /* UINavigationController+Extensions.swift */,
				AABF152F2A2D1F3A00537BCA /* CGPoint+Extensions.swift */,
				AABF15302A2D1F3A00537BCA /* CGRect+Extensions.swift */,
				AABF15312A2D1F3A00537BCA /* UINib+Extensions.swift */,
				AABF15322A2D1F3A00537BCA /* Collection+Extensions.swift */,
			);
			path = Extensions;
			sourceTree = "<group>";
		};
		AABF15332A2D1F3A00537BCA /* ViewControllers */ = {
			isa = PBXGroup;
			children = (
				AABF15342A2D1F3A00537BCA /* SplashVC.swift */,
				AABF15352A2D1F3A00537BCA /* Setup */,
				AABF15382A2D1F3A00537BCA /* Game */,
				AABF15402A2D1F3A00537BCA /* Score */,
			);
			path = ViewControllers;
			sourceTree = "<group>";
		};
		AABF15352A2D1F3A00537BCA /* Setup */ = {
			isa = PBXGroup;
			children = (
				AABF15362A2D1F3A00537BCA /* SetupController.xib */,
				AABF15372A2D1F3A00537BCA /* SetupController.swift */,
			);
			path = Setup;
			sourceTree = "<group>";
		};
		AABF15382A2D1F3A00537BCA /* Game */ = {
			isa = PBXGroup;
			children = (
				AABF15392A2D1F3A00537BCA /* Game+UI.swift */,
				AABF153A2A2D1F3A00537BCA /* GameVC.swift */,
				AABF153B2A2D1F3A00537BCA /* Game.xib */,
				AABF153C2A2D1F3A00537BCA /* Game+Sounds.swift */,
				AABF153D2A2D1F3A00537BCA /* Game+Haptics.swift */,
				AABF153E2A2D1F3A00537BCA /* Game+Level.swift */,
				AABF153F2A2D1F3A00537BCA /* Game+Gestures.swift */,
			);
			path = Game;
			sourceTree = "<group>";
		};
		AABF15402A2D1F3A00537BCA /* Score */ = {
			isa = PBXGroup;
			children = (
				AABF15412A2D1F3A00537BCA /* ScoreVC.swift */,
				AABF15422A2D1F3A00537BCA /* Score.xib */,
			);
			path = Score;
			sourceTree = "<group>";
		};
		AABF15452A2D1F3A00537BCA /* Definitions */ = {
			isa = PBXGroup;
			children = (
				AABF15462A2D1F3A00537BCA /* Aliases.swift */,
				AABF15472A2D1F3A00537BCA /* Protocols.swift */,
			);
			path = Definitions;
			sourceTree = "<group>";
		};
		AABF15482A2D1F3A00537BCA /* Views */ = {
			isa = PBXGroup;
			children = (
				AABF15492A2D1F3A00537BCA /* BondiBallView.swift */,
				AABF154A2A2D1F3A00537BCA /* PocketView.swift */,
			);
			path = Views;
			sourceTree = "<group>";
		};
		AABF154B2A2D1F3A00537BCA /* Domain */ = {
			isa = PBXGroup;
			children = (
				AABF154C2A2D1F3A00537BCA /* Board.swift */,
				AABF154D2A2D1F3A00537BCA /* PanGestureRecognizer.swift */,
				AABF154E2A2D1F3A00537BCA /* Sounds.swift */,
				AABF154F2A2D1F3A00537BCA /* BondiBall.swift */,
				AABF15502A2D1F3A00537BCA /* Badge.swift */,
				AABF15512A2D1F3A00537BCA /* Level.swift */,
				AABF15522A2D1F3A00537BCA /* DampedHarmonicSpring.swift */,
			);
			path = Domain;
			sourceTree = "<group>";
		};
		AABF15532A2D1F3A00537BCA /* Animations */ = {
			isa = PBXGroup;
			children = (
				AABF15542A2D1F3A00537BCA /* Scenes */,
				AABF15582A2D1F3A00537BCA /* Assets.xcassets */,
				AABF15592A2D1F3A00537BCA /* Animations.swift */,
				AABF155A2A2D1F3A00537BCA /* Shaders */,
			);
			path = Animations;
			sourceTree = "<group>";
		};
		AABF15542A2D1F3A00537BCA /* Scenes */ = {
			isa = PBXGroup;
			children = (
				AABF15552A2D1F3A00537BCA /* MagicParticles.sks */,
				AABF15562A2D1F3A00537BCA /* Assets.xcassets */,
				AABF15572A2D1F3A00537BCA /* BackgroundScene.swift */,
			);
			path = Scenes;
			sourceTree = "<group>";
		};
		AABF155A2A2D1F3A00537BCA /* Shaders */ = {
			isa = PBXGroup;
			children = (
				AABF155B2A2D1F3A00537BCA /* water.fsh */,
				AABF155C2A2D1F3A00537BCA /* beehive.fsh */,
				AABF155D2A2D1F3A00537BCA /* glass.fsh */,
				AABF155E2A2D1F3A00537BCA /* wormhole.fsh */,
				AABF155F2A2D1F3A00537BCA /* lines.fsh */,
				AABF15602A2D1F3A00537BCA /* purple_lights.fsh */,
			);
			path = Shaders;
			sourceTree = "<group>";
		};
		AABF15612A2D1F3A00537BCA /* .idea */ = {
			isa = PBXGroup;
			children = (
				AABF15622A2D1F3A00537BCA /* Fidget.iml */,
				AABF15632A2D1F3A00537BCA /* vcs.xml */,
				AABF15642A2D1F3A00537BCA /* .gitignore */,
				AABF15652A2D1F3A00537BCA /* workspace.xml */,
				AABF15662A2D1F3A00537BCA /* modules.xml */,
				AABF15672A2D1F3A00537BCA /* misc.xml */,
			);
			path = .idea;
			sourceTree = "<group>";
		};
/* End PBXGroup section */

/* Begin PBXNativeTarget section */
		AABF14752A2AB6DB00537BCA /* CanvasCards */ = {
			isa = PBXNativeTarget;
			buildConfigurationList = AABF149E2A2AB6DC00537BCA /* Build configuration list for PBXNativeTarget "CanvasCards" */;
			buildPhases = (
				AABF14722A2AB6DB00537BCA /* Sources */,
				AABF14732A2AB6DB00537BCA /* Frameworks */,
				AABF14742A2AB6DB00537BCA /* Resources */,
			);
			buildRules = (
			);
			dependencies = (
			);
			name = CanvasCards;
			productName = CanvasCards;
			productReference = AABF14762A2AB6DB00537BCA /* CanvasCards.app */;
			productType = "com.apple.product-type.application";
		};
		AABF14892A2AB6DC00537BCA /* CanvasCardsTests */ = {
			isa = PBXNativeTarget;
			buildConfigurationList = AABF14A12A2AB6DC00537BCA /* Build configuration list for PBXNativeTarget "CanvasCardsTests" */;
			buildPhases = (
				AABF14862A2AB6DC00537BCA /* Sources */,
				AABF14872A2AB6DC00537BCA /* Frameworks */,
				AABF14882A2AB6DC00537BCA /* Resources */,
			);
			buildRules = (
			);
			dependencies = (
				AABF148C2A2AB6DC00537BCA /* PBXTargetDependency */,
			);
			name = CanvasCardsTests;
			productName = CanvasCardsTests;
			productReference = AABF148A2A2AB6DC00537BCA /* CanvasCardsTests.xctest */;
			productType = "com.apple.product-type.bundle.unit-test";
		};
		AABF14932A2AB6DC00537BCA /* CanvasCardsUITests */ = {
			isa = PBXNativeTarget;
			buildConfigurationList = AABF14A42A2AB6DC00537BCA /* Build configuration list for PBXNativeTarget "CanvasCardsUITests" */;
			buildPhases = (
				AABF14902A2AB6DC00537BCA /* Sources */,
				AABF14912A2AB6DC00537BCA /* Frameworks */,
				AABF14922A2AB6DC00537BCA /* Resources */,
			);
			buildRules = (
			);
			dependencies = (
				AABF14962A2AB6DC00537BCA /* PBXTargetDependency */,
			);
			name = CanvasCardsUITests;
			productName = CanvasCardsUITests;
			productReference = AABF14942A2AB6DC00537BCA /* CanvasCardsUITests.xctest */;
			productType = "com.apple.product-type.bundle.ui-testing";
		};
/* End PBXNativeTarget section */

/* Begin PBXProject section */
		AABF146E2A2AB6DB00537BCA /* Project object */ = {
			isa = PBXProject;
			attributes = {
				BuildIndependentTargetsInParallel = 1;
				LastSwiftUpdateCheck = 1430;
				LastUpgradeCheck = 1430;
				TargetAttributes = {
					AABF14752A2AB6DB00537BCA = {
						CreatedOnToolsVersion = 14.3;
					};
					AABF14892A2AB6DC00537BCA = {
						CreatedOnToolsVersion = 14.3;
						TestTargetID = AABF14752A2AB6DB00537BCA;
					};
					AABF14932A2AB6DC00537BCA = {
						CreatedOnToolsVersion = 14.3;
						TestTargetID = AABF14752A2AB6DB00537BCA;
					};
				};
			};
			buildConfigurationList = AABF14712A2AB6DB00537BCA /* Build configuration list for PBXProject "CanvasCards" */;
			compatibilityVersion = "Xcode 14.0";
			developmentRegion = en;
			hasScannedForEncodings = 0;
			knownRegions = (
				en,
				Base,
				sv,
				nl,
			);
			mainGroup = AABF146D2A2AB6DB00537BCA;
			productRefGroup = AABF14772A2AB6DB00537BCA /* Products */;
			projectDirPath = "";
			projectReferences = (
				{
					ProductGroup = AABF15172A2D1F3A00537BCA /* Products */;
					ProjectRef = AABF15162A2D1F3A00537BCA /* Fidget.xcodeproj */;
				},
			);
			projectRoot = "";
			targets = (
				AABF14752A2AB6DB00537BCA /* CanvasCards */,
				AABF14892A2AB6DC00537BCA /* CanvasCardsTests */,
				AABF14932A2AB6DC00537BCA /* CanvasCardsUITests */,
			);
		};
/* End PBXProject section */

/* Begin PBXReferenceProxy section */
		AABF156A2A2D1F3A00537BCA /* Bondi Ball.app */ = {
			isa = PBXReferenceProxy;
			fileType = wrapper.application;
			path = "Bondi Ball.app";
			remoteRef = AABF15692A2D1F3A00537BCA /* PBXContainerItemProxy */;
			sourceTree = BUILT_PRODUCTS_DIR;
		};
/* End PBXReferenceProxy section */

/* Begin PBXResourcesBuildPhase section */
		AABF14742A2AB6DB00537BCA /* Resources */ = {
			isa = PBXResourcesBuildPhase;
			buildActionMask = 2147483647;
			files = (
				AABF14852A2AB6DC00537BCA /* Preview Assets.xcassets in Resources */,
				AABF14802A2AB6DC00537BCA /* Assets.xcassets in Resources */,
			);
			runOnlyForDeploymentPostprocessing = 0;
		};
		AABF14882A2AB6DC00537BCA /* Resources */ = {
			isa = PBXResourcesBuildPhase;
			buildActionMask = 2147483647;
			files = (
			);
			runOnlyForDeploymentPostprocessing = 0;
		};
		AABF14922A2AB6DC00537BCA /* Resources */ = {
			isa = PBXResourcesBuildPhase;
			buildActionMask = 2147483647;
			files = (
				AABF15B52A2D1F3A00537BCA /* lines.fsh in Resources */,
				AABF156E2A2D1F3A00537BCA /* BondiBall.jpeg in Resources */,
				AABF156B2A2D1F3A00537BCA /* Philoshophy.md in Resources */,
				AABF15BA2A2D1F3A00537BCA /* workspace.xml in Resources */,
				AABF15782A2D1F3A00537BCA /* 🏰 Q-Locked 🗝️.m4a in Resources */,
				AABF15B82A2D1F3A00537BCA /* vcs.xml in Resources */,
				AABF15722A2D1F3A00537BCA /* Assets.xcassets in Resources */,
				AABF15BB2A2D1F3A00537BCA /* modules.xml in Resources */,
				AABF15AF2A2D1F3A00537BCA /* Assets.xcassets in Resources */,
				AABF15742A2D1F3A00537BCA /* Todo.md in Resources */,
				AABF14F52A2ABA0800537BCA /* Assets.xcassets in Resources */,
				AABF159E2A2D1F3A00537BCA /* Score.xib in Resources */,
				AABF15712A2D1F3A00537BCA /* success-bunny.pxd in Resources */,
				AABF156D2A2D1F3A00537BCA /* BondiBallElipse.pxd in Resources */,
				AABF15772A2D1F3A00537BCA /* touched.m4a in Resources */,
				AABF157B2A2D1F3A00537BCA /* flicked.m4a in Resources */,
				AABF15B12A2D1F3A00537BCA /* water.fsh in Resources */,
				AABF15B72A2D1F3A00537BCA /* Fidget.iml in Resources */,
				AABF157E2A2D1F3A00537BCA /* Info.plist in Resources */,
				AABF157D2A2D1F3A00537BCA /* Original ReadMe.md in Resources */,
				AABF156C2A2D1F3A00537BCA /* success-bunny.png in Resources */,
				AABF15942A2D1F3A00537BCA /* SetupController.xib in Resources */,
				AABF14F62A2ABA0800537BCA /* Preview Assets.xcassets in Resources */,
				AABF15B32A2D1F3A00537BCA /* glass.fsh in Resources */,
				AABF15B22A2D1F3A00537BCA /* beehive.fsh in Resources */,
				AABF15B42A2D1F3A00537BCA /* wormhole.fsh in Resources */,
				AABF14F12A2ABA0800537BCA /* Localizable.strings in Resources */,
				AABF15732A2D1F3A00537BCA /* App.jpeg in Resources */,
				AABF15982A2D1F3A00537BCA /* Game.xib in Resources */,
				AABF157F2A2D1F3A00537BCA /* .gitignore in Resources */,
				AABF15B62A2D1F3A00537BCA /* purple_lights.fsh in Resources */,
				AABF157C2A2D1F3A00537BCA /* DJ Game.pdf in Resources */,
				AABF157A2A2D1F3A00537BCA /* scored.m4a in Resources */,
				AABF15792A2D1F3A00537BCA /* missed.m4a in Resources */,
				AABF15752A2D1F3A00537BCA /* LaunchScreen.storyboard in Resources */,
				AABF156F2A2D1F3A00537BCA /* BondiBallElipse.png in Resources */,
				AABF15AC2A2D1F3A00537BCA /* MagicParticles.sks in Resources */,
				AABF15AD2A2D1F3A00537BCA /* Assets.xcassets in Resources */,
				AABF15762A2D1F3A00537BCA /* failed.m4a in Resources */,
				AABF15BC2A2D1F3A00537BCA /* misc.xml in Resources */,
				AABF15B92A2D1F3A00537BCA /* .gitignore in Resources */,
				AABF15702A2D1F3A00537BCA /* BondiBallElipse.jpg in Resources */,
			);
			runOnlyForDeploymentPostprocessing = 0;
		};
/* End PBXResourcesBuildPhase section */

/* Begin PBXSourcesBuildPhase section */
		AABF14722A2AB6DB00537BCA /* Sources */ = {
			isa = PBXSourcesBuildPhase;
			buildActionMask = 2147483647;
			files = (
				AABF147C2A2AB6DB00537BCA /* CanvasCardsDocument.swift in Sources */,
				AABF147A2A2AB6DB00537BCA /* CanvasCardsApp.swift in Sources */,
				AABF147E2A2AB6DB00537BCA /* ContentView.swift in Sources */,
			);
			runOnlyForDeploymentPostprocessing = 0;
		};
		AABF14862A2AB6DC00537BCA /* Sources */ = {
			isa = PBXSourcesBuildPhase;
			buildActionMask = 2147483647;
			files = (
				AABF148F2A2AB6DC00537BCA /* CanvasCardsTests.swift in Sources */,
			);
			runOnlyForDeploymentPostprocessing = 0;
		};
		AABF14902A2AB6DC00537BCA /* Sources */ = {
			isa = PBXSourcesBuildPhase;
			buildActionMask = 2147483647;
			files = (
				AABF15AA2A2D1F3A00537BCA /* Level.swift in Sources */,
				AABF15AE2A2D1F3A00537BCA /* BackgroundScene.swift in Sources */,
				AABF15882A2D1F3A00537BCA /* CGVector+Extensions.swift in Sources */,
				AABF15A82A2D1F3A00537BCA /* BondiBall.swift in Sources */,
				AABF15892A2D1F3A00537BCA /* UIButton+Extensions.swift in Sources */,
				AABF14F22A2ABA0800537BCA /* ProfileInfoView.swift in Sources */,
				AABF15A72A2D1F3A00537BCA /* Sounds.swift in Sources */,
				AABF15832A2D1F3A00537BCA /* GameController.swift in Sources */,
				AABF14FA2A2ABA0800537BCA /* Profile.swift in Sources */,
				AABF15952A2D1F3A00537BCA /* SetupController.swift in Sources */,
				AABF159A2A2D1F3A00537BCA /* Game+Haptics.swift in Sources */,
				AABF14F32A2ABA0800537BCA /* TondorApp.swift in Sources */,
				AABF15A42A2D1F3A00537BCA /* PocketView.swift in Sources */,
				AABF15AB2A2D1F3A00537BCA /* DampedHarmonicSpring.swift in Sources */,
				AABF15B02A2D1F3A00537BCA /* Animations.swift in Sources */,
				AABF159F2A2D1F3A00537BCA /* AppDelegate.swift in Sources */,
				AABF15932A2D1F3A00537BCA /* SplashVC.swift in Sources */,
				AABF149B2A2AB6DC00537BCA /* CanvasCardsUITestsLaunchTests.swift in Sources */,
				AABF15842A2D1F3A00537BCA /* GameState.swift in Sources */,
				AABF15822A2D1F3A00537BCA /* LevelCollection.swift in Sources */,
				AABF14F72A2ABA0800537BCA /* SwipeView.swift in Sources */,
				AABF158A2A2D1F3A00537BCA /* UIView+Extensions.swift in Sources */,
				AABF15802A2D1F3A00537BCA /* PocketVD.swift in Sources */,
				AABF15812A2D1F3A00537BCA /* RootNavigationController.swift in Sources */,
				AABF159B2A2D1F3A00537BCA /* Game+Level.swift in Sources */,
				AABF15A92A2D1F3A00537BCA /* Badge.swift in Sources */,
				AABF158E2A2D1F3A00537BCA /* UINavigationController+Extensions.swift in Sources */,
				AABF14F92A2ABA0800537BCA /* TondorLogo.swift in Sources */,
				AABF14992A2AB6DC00537BCA /* CanvasCardsUITests.swift in Sources */,
				AABF158C2A2D1F3A00537BCA /* UIGestureRecognizer+Extensions.swift in Sources */,
				AABF14F42A2ABA0800537BCA /* ProfileCardView.swift in Sources */,
				AABF15862A2D1F3A00537BCA /* GameController+LevelProgress.swift in Sources */,
				AABF14F82A2ABA0800537BCA /* TondorContentView.swift in Sources */,
				AABF15A52A2D1F3A00537BCA /* Board.swift in Sources */,
				AABF15972A2D1F3A00537BCA /* GameVC.swift in Sources */,
				AABF14F02A2ABA0800537BCA /* StampView.swift in Sources */,
				AABF15852A2D1F3A00537BCA /* GameController+GamePoints.swift in Sources */,
				AABF158F2A2D1F3A00537BCA /* CGPoint+Extensions.swift in Sources */,
				AABF15A62A2D1F3A00537BCA /* PanGestureRecognizer.swift in Sources */,
				AABF15872A2D1F3A00537BCA /* GameController+SoundtrackProgression.swift in Sources */,
				AABF15962A2D1F3A00537BCA /* Game+UI.swift in Sources */,
				AABF15A22A2D1F3A00537BCA /* Protocols.swift in Sources */,
				AABF158D2A2D1F3A00537BCA /* Sequence+Extensions.swift in Sources */,
				AABF159D2A2D1F3A00537BCA /* ScoreVC.swift in Sources */,
				AABF15902A2D1F3A00537BCA /* CGRect+Extensions.swift in Sources */,
				AABF15912A2D1F3A00537BCA /* UINib+Extensions.swift in Sources */,
				AABF15A32A2D1F3A00537BCA /* BondiBallView.swift in Sources */,
				AABF15A02A2D1F3A00537BCA /* App.swift in Sources */,
				AABF158B2A2D1F3A00537BCA /* UIColor+Extensions.swift in Sources */,
				AABF14FB2A2ABA0800537BCA /* LikeType.swift in Sources */,
				AABF15A12A2D1F3A00537BCA /* Aliases.swift in Sources */,
				AABF15992A2D1F3A00537BCA /* Game+Sounds.swift in Sources */,
				AABF15922A2D1F3A00537BCA /* Collection+Extensions.swift in Sources */,
				AABF159C2A2D1F3A00537BCA /* Game+Gestures.swift in Sources */,
			);
			runOnlyForDeploymentPostprocessing = 0;
		};
/* End PBXSourcesBuildPhase section */

/* Begin PBXTargetDependency section */
		AABF148C2A2AB6DC00537BCA /* PBXTargetDependency */ = {
			isa = PBXTargetDependency;
			target = AABF14752A2AB6DB00537BCA /* CanvasCards */;
			targetProxy = AABF148B2A2AB6DC00537BCA /* PBXContainerItemProxy */;
		};
		AABF14962A2AB6DC00537BCA /* PBXTargetDependency */ = {
			isa = PBXTargetDependency;
			target = AABF14752A2AB6DB00537BCA /* CanvasCards */;
			targetProxy = AABF14952A2AB6DC00537BCA /* PBXContainerItemProxy */;
		};
/* End PBXTargetDependency section */

/* Begin PBXVariantGroup section */
		AABF14E02A2ABA0800537BCA /* Localizable.strings */ = {
			isa = PBXVariantGroup;
			children = (
				AABF14E12A2ABA0800537BCA /* en */,
				AABF14E62A2ABA0800537BCA /* sv */,
				AABF14EB2A2ABA0800537BCA /* nl */,
			);
			name = Localizable.strings;
			sourceTree = "<group>";
		};
		AABF15092A2D1F3A00537BCA /* LaunchScreen.storyboard */ = {
			isa = PBXVariantGroup;
			children = (
				AABF150A2A2D1F3A00537BCA /* Base */,
			);
			name = LaunchScreen.storyboard;
			sourceTree = "<group>";
		};
/* End PBXVariantGroup section */

/* Begin XCBuildConfiguration section */
		AABF149C2A2AB6DC00537BCA /* Debug */ = {
			isa = XCBuildConfiguration;
			buildSettings = {
				ALWAYS_SEARCH_USER_PATHS = NO;
				CLANG_ANALYZER_NONNULL = YES;
				CLANG_ANALYZER_NUMBER_OBJECT_CONVERSION = YES_AGGRESSIVE;
				CLANG_CXX_LANGUAGE_STANDARD = "gnu++20";
				CLANG_ENABLE_MODULES = YES;
				CLANG_ENABLE_OBJC_ARC = YES;
				CLANG_ENABLE_OBJC_WEAK = YES;
				CLANG_WARN_BLOCK_CAPTURE_AUTORELEASING = YES;
				CLANG_WARN_BOOL_CONVERSION = YES;
				CLANG_WARN_COMMA = YES;
				CLANG_WARN_CONSTANT_CONVERSION = YES;
				CLANG_WARN_DEPRECATED_OBJC_IMPLEMENTATIONS = YES;
				CLANG_WARN_DIRECT_OBJC_ISA_USAGE = YES_ERROR;
				CLANG_WARN_DOCUMENTATION_COMMENTS = YES;
				CLANG_WARN_EMPTY_BODY = YES;
				CLANG_WARN_ENUM_CONVERSION = YES;
				CLANG_WARN_INFINITE_RECURSION = YES;
				CLANG_WARN_INT_CONVERSION = YES;
				CLANG_WARN_NON_LITERAL_NULL_CONVERSION = YES;
				CLANG_WARN_OBJC_IMPLICIT_RETAIN_SELF = YES;
				CLANG_WARN_OBJC_LITERAL_CONVERSION = YES;
				CLANG_WARN_OBJC_ROOT_CLASS = YES_ERROR;
				CLANG_WARN_QUOTED_INCLUDE_IN_FRAMEWORK_HEADER = YES;
				CLANG_WARN_RANGE_LOOP_ANALYSIS = YES;
				CLANG_WARN_STRICT_PROTOTYPES = YES;
				CLANG_WARN_SUSPICIOUS_MOVE = YES;
				CLANG_WARN_UNGUARDED_AVAILABILITY = YES_AGGRESSIVE;
				CLANG_WARN_UNREACHABLE_CODE = YES;
				CLANG_WARN__DUPLICATE_METHOD_MATCH = YES;
				COPY_PHASE_STRIP = NO;
				DEBUG_INFORMATION_FORMAT = dwarf;
				ENABLE_STRICT_OBJC_MSGSEND = YES;
				ENABLE_TESTABILITY = YES;
				GCC_C_LANGUAGE_STANDARD = gnu11;
				GCC_DYNAMIC_NO_PIC = NO;
				GCC_NO_COMMON_BLOCKS = YES;
				GCC_OPTIMIZATION_LEVEL = 0;
				GCC_PREPROCESSOR_DEFINITIONS = (
					"DEBUG=1",
					"$(inherited)",
				);
				GCC_WARN_64_TO_32_BIT_CONVERSION = YES;
				GCC_WARN_ABOUT_RETURN_TYPE = YES_ERROR;
				GCC_WARN_UNDECLARED_SELECTOR = YES;
				GCC_WARN_UNINITIALIZED_AUTOS = YES_AGGRESSIVE;
				GCC_WARN_UNUSED_FUNCTION = YES;
				GCC_WARN_UNUSED_VARIABLE = YES;
				MTL_ENABLE_DEBUG_INFO = INCLUDE_SOURCE;
				MTL_FAST_MATH = YES;
				ONLY_ACTIVE_ARCH = YES;
				SWIFT_ACTIVE_COMPILATION_CONDITIONS = DEBUG;
				SWIFT_OPTIMIZATION_LEVEL = "-Onone";
			};
			name = Debug;
		};
		AABF149D2A2AB6DC00537BCA /* Release */ = {
			isa = XCBuildConfiguration;
			buildSettings = {
				ALWAYS_SEARCH_USER_PATHS = NO;
				CLANG_ANALYZER_NONNULL = YES;
				CLANG_ANALYZER_NUMBER_OBJECT_CONVERSION = YES_AGGRESSIVE;
				CLANG_CXX_LANGUAGE_STANDARD = "gnu++20";
				CLANG_ENABLE_MODULES = YES;
				CLANG_ENABLE_OBJC_ARC = YES;
				CLANG_ENABLE_OBJC_WEAK = YES;
				CLANG_WARN_BLOCK_CAPTURE_AUTORELEASING = YES;
				CLANG_WARN_BOOL_CONVERSION = YES;
				CLANG_WARN_COMMA = YES;
				CLANG_WARN_CONSTANT_CONVERSION = YES;
				CLANG_WARN_DEPRECATED_OBJC_IMPLEMENTATIONS = YES;
				CLANG_WARN_DIRECT_OBJC_ISA_USAGE = YES_ERROR;
				CLANG_WARN_DOCUMENTATION_COMMENTS = YES;
				CLANG_WARN_EMPTY_BODY = YES;
				CLANG_WARN_ENUM_CONVERSION = YES;
				CLANG_WARN_INFINITE_RECURSION = YES;
				CLANG_WARN_INT_CONVERSION = YES;
				CLANG_WARN_NON_LITERAL_NULL_CONVERSION = YES;
				CLANG_WARN_OBJC_IMPLICIT_RETAIN_SELF = YES;
				CLANG_WARN_OBJC_LITERAL_CONVERSION = YES;
				CLANG_WARN_OBJC_ROOT_CLASS = YES_ERROR;
				CLANG_WARN_QUOTED_INCLUDE_IN_FRAMEWORK_HEADER = YES;
				CLANG_WARN_RANGE_LOOP_ANALYSIS = YES;
				CLANG_WARN_STRICT_PROTOTYPES = YES;
				CLANG_WARN_SUSPICIOUS_MOVE = YES;
				CLANG_WARN_UNGUARDED_AVAILABILITY = YES_AGGRESSIVE;
				CLANG_WARN_UNREACHABLE_CODE = YES;
				CLANG_WARN__DUPLICATE_METHOD_MATCH = YES;
				COPY_PHASE_STRIP = NO;
				DEBUG_INFORMATION_FORMAT = "dwarf-with-dsym";
				ENABLE_NS_ASSERTIONS = NO;
				ENABLE_STRICT_OBJC_MSGSEND = YES;
				GCC_C_LANGUAGE_STANDARD = gnu11;
				GCC_NO_COMMON_BLOCKS = YES;
				GCC_WARN_64_TO_32_BIT_CONVERSION = YES;
				GCC_WARN_ABOUT_RETURN_TYPE = YES_ERROR;
				GCC_WARN_UNDECLARED_SELECTOR = YES;
				GCC_WARN_UNINITIALIZED_AUTOS = YES_AGGRESSIVE;
				GCC_WARN_UNUSED_FUNCTION = YES;
				GCC_WARN_UNUSED_VARIABLE = YES;
				MTL_ENABLE_DEBUG_INFO = NO;
				MTL_FAST_MATH = YES;
				SWIFT_COMPILATION_MODE = wholemodule;
				SWIFT_OPTIMIZATION_LEVEL = "-O";
			};
			name = Release;
		};
		AABF149F2A2AB6DC00537BCA /* Debug */ = {
			isa = XCBuildConfiguration;
			buildSettings = {
				ASSETCATALOG_COMPILER_APPICON_NAME = AppIcon;
				ASSETCATALOG_COMPILER_GLOBAL_ACCENT_COLOR_NAME = AccentColor;
				CODE_SIGN_ENTITLEMENTS = CanvasCards/CanvasCards.entitlements;
				CODE_SIGN_STYLE = Automatic;
				CURRENT_PROJECT_VERSION = 1;
				DEVELOPMENT_ASSET_PATHS = "\"CanvasCards/Preview Content\"";
				DEVELOPMENT_TEAM = M88RYB5CYS;
				ENABLE_HARDENED_RUNTIME = YES;
				ENABLE_PREVIEWS = YES;
				GENERATE_INFOPLIST_FILE = YES;
				INFOPLIST_FILE = CanvasCards/Info.plist;
				"INFOPLIST_KEY_UIApplicationSceneManifest_Generation[sdk=iphoneos*]" = YES;
				"INFOPLIST_KEY_UIApplicationSceneManifest_Generation[sdk=iphonesimulator*]" = YES;
				"INFOPLIST_KEY_UIApplicationSupportsIndirectInputEvents[sdk=iphoneos*]" = YES;
				"INFOPLIST_KEY_UIApplicationSupportsIndirectInputEvents[sdk=iphonesimulator*]" = YES;
				"INFOPLIST_KEY_UILaunchScreen_Generation[sdk=iphoneos*]" = YES;
				"INFOPLIST_KEY_UILaunchScreen_Generation[sdk=iphonesimulator*]" = YES;
				"INFOPLIST_KEY_UIStatusBarStyle[sdk=iphoneos*]" = UIStatusBarStyleDefault;
				"INFOPLIST_KEY_UIStatusBarStyle[sdk=iphonesimulator*]" = UIStatusBarStyleDefault;
				INFOPLIST_KEY_UISupportedInterfaceOrientations_iPad = "UIInterfaceOrientationPortrait UIInterfaceOrientationPortraitUpsideDown UIInterfaceOrientationLandscapeLeft UIInterfaceOrientationLandscapeRight";
				INFOPLIST_KEY_UISupportedInterfaceOrientations_iPhone = "UIInterfaceOrientationPortrait UIInterfaceOrientationLandscapeLeft UIInterfaceOrientationLandscapeRight";
				"INFOPLIST_KEY_UISupportsDocumentBrowser[sdk=iphoneos*]" = YES;
				"INFOPLIST_KEY_UISupportsDocumentBrowser[sdk=iphonesimulator*]" = YES;
				IPHONEOS_DEPLOYMENT_TARGET = 16.4;
				LD_RUNPATH_SEARCH_PATHS = "@executable_path/Frameworks";
				"LD_RUNPATH_SEARCH_PATHS[sdk=macosx*]" = "@executable_path/../Frameworks";
				MACOSX_DEPLOYMENT_TARGET = 13.3;
				MARKETING_VERSION = 1.0;
				PRODUCT_BUNDLE_IDENTIFIER = "com.dream-emulator.CanvasCards";
				PRODUCT_NAME = "$(TARGET_NAME)";
				SDKROOT = auto;
				SUPPORTED_PLATFORMS = "iphoneos iphonesimulator macosx";
				SWIFT_EMIT_LOC_STRINGS = YES;
				SWIFT_VERSION = 5.0;
				TARGETED_DEVICE_FAMILY = "1,2";
			};
			name = Debug;
		};
		AABF14A02A2AB6DC00537BCA /* Release */ = {
			isa = XCBuildConfiguration;
			buildSettings = {
				ASSETCATALOG_COMPILER_APPICON_NAME = AppIcon;
				ASSETCATALOG_COMPILER_GLOBAL_ACCENT_COLOR_NAME = AccentColor;
				CODE_SIGN_ENTITLEMENTS = CanvasCards/CanvasCards.entitlements;
				CODE_SIGN_STYLE = Automatic;
				CURRENT_PROJECT_VERSION = 1;
				DEVELOPMENT_ASSET_PATHS = "\"CanvasCards/Preview Content\"";
				DEVELOPMENT_TEAM = M88RYB5CYS;
				ENABLE_HARDENED_RUNTIME = YES;
				ENABLE_PREVIEWS = YES;
				GENERATE_INFOPLIST_FILE = YES;
				INFOPLIST_FILE = CanvasCards/Info.plist;
				"INFOPLIST_KEY_UIApplicationSceneManifest_Generation[sdk=iphoneos*]" = YES;
				"INFOPLIST_KEY_UIApplicationSceneManifest_Generation[sdk=iphonesimulator*]" = YES;
				"INFOPLIST_KEY_UIApplicationSupportsIndirectInputEvents[sdk=iphoneos*]" = YES;
				"INFOPLIST_KEY_UIApplicationSupportsIndirectInputEvents[sdk=iphonesimulator*]" = YES;
				"INFOPLIST_KEY_UILaunchScreen_Generation[sdk=iphoneos*]" = YES;
				"INFOPLIST_KEY_UILaunchScreen_Generation[sdk=iphonesimulator*]" = YES;
				"INFOPLIST_KEY_UIStatusBarStyle[sdk=iphoneos*]" = UIStatusBarStyleDefault;
				"INFOPLIST_KEY_UIStatusBarStyle[sdk=iphonesimulator*]" = UIStatusBarStyleDefault;
				INFOPLIST_KEY_UISupportedInterfaceOrientations_iPad = "UIInterfaceOrientationPortrait UIInterfaceOrientationPortraitUpsideDown UIInterfaceOrientationLandscapeLeft UIInterfaceOrientationLandscapeRight";
				INFOPLIST_KEY_UISupportedInterfaceOrientations_iPhone = "UIInterfaceOrientationPortrait UIInterfaceOrientationLandscapeLeft UIInterfaceOrientationLandscapeRight";
				"INFOPLIST_KEY_UISupportsDocumentBrowser[sdk=iphoneos*]" = YES;
				"INFOPLIST_KEY_UISupportsDocumentBrowser[sdk=iphonesimulator*]" = YES;
				IPHONEOS_DEPLOYMENT_TARGET = 16.4;
				LD_RUNPATH_SEARCH_PATHS = "@executable_path/Frameworks";
				"LD_RUNPATH_SEARCH_PATHS[sdk=macosx*]" = "@executable_path/../Frameworks";
				MACOSX_DEPLOYMENT_TARGET = 13.3;
				MARKETING_VERSION = 1.0;
				PRODUCT_BUNDLE_IDENTIFIER = "com.dream-emulator.CanvasCards";
				PRODUCT_NAME = "$(TARGET_NAME)";
				SDKROOT = auto;
				SUPPORTED_PLATFORMS = "iphoneos iphonesimulator macosx";
				SWIFT_EMIT_LOC_STRINGS = YES;
				SWIFT_VERSION = 5.0;
				TARGETED_DEVICE_FAMILY = "1,2";
			};
			name = Release;
		};
		AABF14A22A2AB6DC00537BCA /* Debug */ = {
			isa = XCBuildConfiguration;
			buildSettings = {
				ALWAYS_EMBED_SWIFT_STANDARD_LIBRARIES = YES;
				BUNDLE_LOADER = "$(TEST_HOST)";
				CODE_SIGN_STYLE = Automatic;
				CURRENT_PROJECT_VERSION = 1;
				DEVELOPMENT_TEAM = M88RYB5CYS;
				GENERATE_INFOPLIST_FILE = YES;
				IPHONEOS_DEPLOYMENT_TARGET = 16.4;
				MACOSX_DEPLOYMENT_TARGET = 13.3;
				MARKETING_VERSION = 1.0;
				PRODUCT_BUNDLE_IDENTIFIER = "com.dream-emulator.CanvasCardsTests";
				PRODUCT_NAME = "$(TARGET_NAME)";
				SDKROOT = auto;
				SUPPORTED_PLATFORMS = "iphoneos iphonesimulator macosx";
				SWIFT_EMIT_LOC_STRINGS = NO;
				SWIFT_VERSION = 5.0;
				TARGETED_DEVICE_FAMILY = "1,2";
				TEST_HOST = "$(BUILT_PRODUCTS_DIR)/CanvasCards.app/$(BUNDLE_EXECUTABLE_FOLDER_PATH)/CanvasCards";
			};
			name = Debug;
		};
		AABF14A32A2AB6DC00537BCA /* Release */ = {
			isa = XCBuildConfiguration;
			buildSettings = {
				ALWAYS_EMBED_SWIFT_STANDARD_LIBRARIES = YES;
				BUNDLE_LOADER = "$(TEST_HOST)";
				CODE_SIGN_STYLE = Automatic;
				CURRENT_PROJECT_VERSION = 1;
				DEVELOPMENT_TEAM = M88RYB5CYS;
				GENERATE_INFOPLIST_FILE = YES;
				IPHONEOS_DEPLOYMENT_TARGET = 16.4;
				MACOSX_DEPLOYMENT_TARGET = 13.3;
				MARKETING_VERSION = 1.0;
				PRODUCT_BUNDLE_IDENTIFIER = "com.dream-emulator.CanvasCardsTests";
				PRODUCT_NAME = "$(TARGET_NAME)";
				SDKROOT = auto;
				SUPPORTED_PLATFORMS = "iphoneos iphonesimulator macosx";
				SWIFT_EMIT_LOC_STRINGS = NO;
				SWIFT_VERSION = 5.0;
				TARGETED_DEVICE_FAMILY = "1,2";
				TEST_HOST = "$(BUILT_PRODUCTS_DIR)/CanvasCards.app/$(BUNDLE_EXECUTABLE_FOLDER_PATH)/CanvasCards";
			};
			name = Release;
		};
		AABF14A52A2AB6DC00537BCA /* Debug */ = {
			isa = XCBuildConfiguration;
			buildSettings = {
				ALWAYS_EMBED_SWIFT_STANDARD_LIBRARIES = YES;
				CODE_SIGN_STYLE = Automatic;
				CURRENT_PROJECT_VERSION = 1;
				DEVELOPMENT_TEAM = M88RYB5CYS;
				GENERATE_INFOPLIST_FILE = YES;
				IPHONEOS_DEPLOYMENT_TARGET = 16.4;
				MACOSX_DEPLOYMENT_TARGET = 13.3;
				MARKETING_VERSION = 1.0;
				PRODUCT_BUNDLE_IDENTIFIER = "com.dream-emulator.CanvasCardsUITests";
				PRODUCT_NAME = "$(TARGET_NAME)";
				SDKROOT = auto;
				SUPPORTED_PLATFORMS = "iphoneos iphonesimulator macosx";
				SWIFT_EMIT_LOC_STRINGS = NO;
				SWIFT_VERSION = 5.0;
				TARGETED_DEVICE_FAMILY = "1,2";
				TEST_TARGET_NAME = CanvasCards;
			};
			name = Debug;
		};
		AABF14A62A2AB6DC00537BCA /* Release */ = {
			isa = XCBuildConfiguration;
			buildSettings = {
				ALWAYS_EMBED_SWIFT_STANDARD_LIBRARIES = YES;
				CODE_SIGN_STYLE = Automatic;
				CURRENT_PROJECT_VERSION = 1;
				DEVELOPMENT_TEAM = M88RYB5CYS;
				GENERATE_INFOPLIST_FILE = YES;
				IPHONEOS_DEPLOYMENT_TARGET = 16.4;
				MACOSX_DEPLOYMENT_TARGET = 13.3;
				MARKETING_VERSION = 1.0;
				PRODUCT_BUNDLE_IDENTIFIER = "com.dream-emulator.CanvasCardsUITests";
				PRODUCT_NAME = "$(TARGET_NAME)";
				SDKROOT = auto;
				SUPPORTED_PLATFORMS = "iphoneos iphonesimulator macosx";
				SWIFT_EMIT_LOC_STRINGS = NO;
				SWIFT_VERSION = 5.0;
				TARGETED_DEVICE_FAMILY = "1,2";
				TEST_TARGET_NAME = CanvasCards;
			};
			name = Release;
		};
/* End XCBuildConfiguration section */

/* Begin XCConfigurationList section */
		AABF14712A2AB6DB00537BCA /* Build configuration list for PBXProject "CanvasCards" */ = {
			isa = XCConfigurationList;
			buildConfigurations = (
				AABF149C2A2AB6DC00537BCA /* Debug */,
				AABF149D2A2AB6DC00537BCA /* Release */,
			);
			defaultConfigurationIsVisible = 0;
			defaultConfigurationName = Release;
		};
		AABF149E2A2AB6DC00537BCA /* Build configuration list for PBXNativeTarget "CanvasCards" */ = {
			isa = XCConfigurationList;
			buildConfigurations = (
				AABF149F2A2AB6DC00537BCA /* Debug */,
				AABF14A02A2AB6DC00537BCA /* Release */,
			);
			defaultConfigurationIsVisible = 0;
			defaultConfigurationName = Release;
		};
		AABF14A12A2AB6DC00537BCA /* Build configuration list for PBXNativeTarget "CanvasCardsTests" */ = {
			isa = XCConfigurationList;
			buildConfigurations = (
				AABF14A22A2AB6DC00537BCA /* Debug */,
				AABF14A32A2AB6DC00537BCA /* Release */,
			);
			defaultConfigurationIsVisible = 0;
			defaultConfigurationName = Release;
		};
		AABF14A42A2AB6DC00537BCA /* Build configuration list for PBXNativeTarget "CanvasCardsUITests" */ = {
			isa = XCConfigurationList;
			buildConfigurations = (
				AABF14A52A2AB6DC00537BCA /* Debug */,
				AABF14A62A2AB6DC00537BCA /* Release */,
			);
			defaultConfigurationIsVisible = 0;
			defaultConfigurationName = Release;
		};
/* End XCConfigurationList section */
	};
	rootObject = AABF146E2A2AB6DB00537BCA /* Project object */;
}
